// !$*UTF8*$!
{
	archiveVersion = 1;
	classes = {
	};
	objectVersion = 55;
	objects = {

/* Begin PBXBuildFile section */
		4A31C90627D784DE00450865 /* TabBarViewController.swift in Sources */ = {isa = PBXBuildFile; fileRef = 4A31C90527D784DE00450865 /* TabBarViewController.swift */; };
		4AABF7AE27D70F550066136A /* AppDelegate.swift in Sources */ = {isa = PBXBuildFile; fileRef = 4AABF7AD27D70F550066136A /* AppDelegate.swift */; };
		4AABF7B027D70F550066136A /* SceneDelegate.swift in Sources */ = {isa = PBXBuildFile; fileRef = 4AABF7AF27D70F550066136A /* SceneDelegate.swift */; };
		4AABF7B727D70F590066136A /* Assets.xcassets in Resources */ = {isa = PBXBuildFile; fileRef = 4AABF7B627D70F590066136A /* Assets.xcassets */; };
		4AABF7BA27D70F590066136A /* LaunchScreen.storyboard in Resources */ = {isa = PBXBuildFile; fileRef = 4AABF7B827D70F590066136A /* LaunchScreen.storyboard */; };
		4AABF7C527D70F5A0066136A /* LottieFilesTests.swift in Sources */ = {isa = PBXBuildFile; fileRef = 4AABF7C427D70F5A0066136A /* LottieFilesTests.swift */; };
		4AABF7CF27D70F5A0066136A /* LottieFilesUITests.swift in Sources */ = {isa = PBXBuildFile; fileRef = 4AABF7CE27D70F5A0066136A /* LottieFilesUITests.swift */; };
		4AABF7D127D70F5A0066136A /* LottieFilesUITestsLaunchTests.swift in Sources */ = {isa = PBXBuildFile; fileRef = 4AABF7D027D70F5A0066136A /* LottieFilesUITestsLaunchTests.swift */; };
		4AC56F0627D8690C00404704 /* HomeViewController.swift in Sources */ = {isa = PBXBuildFile; fileRef = 4AC56F0527D8690C00404704 /* HomeViewController.swift */; };
		4AC56F0827D8697400404704 /* HomeViewModel.swift in Sources */ = {isa = PBXBuildFile; fileRef = 4AC56F0727D8697400404704 /* HomeViewModel.swift */; };
		4AC56F0B27D869DA00404704 /* ExploreViewController.swift in Sources */ = {isa = PBXBuildFile; fileRef = 4AC56F0A27D869DA00404704 /* ExploreViewController.swift */; };
		4AC56F0D27D86A0000404704 /* ExploreViewModel.swift in Sources */ = {isa = PBXBuildFile; fileRef = 4AC56F0C27D86A0000404704 /* ExploreViewModel.swift */; };
		4AC56F1027D86A4400404704 /* ProfileViewModel.swift in Sources */ = {isa = PBXBuildFile; fileRef = 4AC56F0F27D86A4400404704 /* ProfileViewModel.swift */; };
		4AC56F1227D86A5500404704 /* ProfileViewController.swift in Sources */ = {isa = PBXBuildFile; fileRef = 4AC56F1127D86A5500404704 /* ProfileViewController.swift */; };
		4AC56F1527D886AB00404704 /* HomeLoginCell.swift in Sources */ = {isa = PBXBuildFile; fileRef = 4AC56F1427D886AB00404704 /* HomeLoginCell.swift */; };
		4AC56F1927D89EC500404704 /* HomeFeaturedCell.swift in Sources */ = {isa = PBXBuildFile; fileRef = 4AC56F1827D89EC500404704 /* HomeFeaturedCell.swift */; };
		4AC56F1C27D8A84C00404704 /* HomePeopleCell.swift in Sources */ = {isa = PBXBuildFile; fileRef = 4AC56F1B27D8A84C00404704 /* HomePeopleCell.swift */; };
		4AC56F1F27D8B27200404704 /* HomeBlogCell.swift in Sources */ = {isa = PBXBuildFile; fileRef = 4AC56F1E27D8B27200404704 /* HomeBlogCell.swift */; };
/* End PBXBuildFile section */

/* Begin PBXContainerItemProxy section */
		4AABF7C127D70F590066136A /* PBXContainerItemProxy */ = {
			isa = PBXContainerItemProxy;
			containerPortal = 4AABF7A227D70F540066136A /* Project object */;
			proxyType = 1;
			remoteGlobalIDString = 4AABF7A927D70F550066136A;
			remoteInfo = LottieFiles;
		};
		4AABF7CB27D70F5A0066136A /* PBXContainerItemProxy */ = {
			isa = PBXContainerItemProxy;
			containerPortal = 4AABF7A227D70F540066136A /* Project object */;
			proxyType = 1;
			remoteGlobalIDString = 4AABF7A927D70F550066136A;
			remoteInfo = LottieFiles;
		};
/* End PBXContainerItemProxy section */

/* Begin PBXFileReference section */
		4A31C90527D784DE00450865 /* TabBarViewController.swift */ = {isa = PBXFileReference; lastKnownFileType = sourcecode.swift; path = TabBarViewController.swift; sourceTree = "<group>"; };
		4AABF7AA27D70F550066136A /* LottieFiles.app */ = {isa = PBXFileReference; explicitFileType = wrapper.application; includeInIndex = 0; path = LottieFiles.app; sourceTree = BUILT_PRODUCTS_DIR; };
		4AABF7AD27D70F550066136A /* AppDelegate.swift */ = {isa = PBXFileReference; lastKnownFileType = sourcecode.swift; path = AppDelegate.swift; sourceTree = "<group>"; };
		4AABF7AF27D70F550066136A /* SceneDelegate.swift */ = {isa = PBXFileReference; lastKnownFileType = sourcecode.swift; path = SceneDelegate.swift; sourceTree = "<group>"; };
		4AABF7B627D70F590066136A /* Assets.xcassets */ = {isa = PBXFileReference; lastKnownFileType = folder.assetcatalog; path = Assets.xcassets; sourceTree = "<group>"; };
		4AABF7B927D70F590066136A /* Base */ = {isa = PBXFileReference; lastKnownFileType = file.storyboard; name = Base; path = Base.lproj/LaunchScreen.storyboard; sourceTree = "<group>"; };
		4AABF7BB27D70F590066136A /* Info.plist */ = {isa = PBXFileReference; lastKnownFileType = text.plist.xml; path = Info.plist; sourceTree = "<group>"; };
		4AABF7C027D70F590066136A /* LottieFilesTests.xctest */ = {isa = PBXFileReference; explicitFileType = wrapper.cfbundle; includeInIndex = 0; path = LottieFilesTests.xctest; sourceTree = BUILT_PRODUCTS_DIR; };
		4AABF7C427D70F5A0066136A /* LottieFilesTests.swift */ = {isa = PBXFileReference; lastKnownFileType = sourcecode.swift; path = LottieFilesTests.swift; sourceTree = "<group>"; };
		4AABF7CA27D70F5A0066136A /* LottieFilesUITests.xctest */ = {isa = PBXFileReference; explicitFileType = wrapper.cfbundle; includeInIndex = 0; path = LottieFilesUITests.xctest; sourceTree = BUILT_PRODUCTS_DIR; };
		4AABF7CE27D70F5A0066136A /* LottieFilesUITests.swift */ = {isa = PBXFileReference; lastKnownFileType = sourcecode.swift; path = LottieFilesUITests.swift; sourceTree = "<group>"; };
		4AABF7D027D70F5A0066136A /* LottieFilesUITestsLaunchTests.swift */ = {isa = PBXFileReference; lastKnownFileType = sourcecode.swift; path = LottieFilesUITestsLaunchTests.swift; sourceTree = "<group>"; };
		4AC56F0527D8690C00404704 /* HomeViewController.swift */ = {isa = PBXFileReference; lastKnownFileType = sourcecode.swift; path = HomeViewController.swift; sourceTree = "<group>"; };
		4AC56F0727D8697400404704 /* HomeViewModel.swift */ = {isa = PBXFileReference; lastKnownFileType = sourcecode.swift; path = HomeViewModel.swift; sourceTree = "<group>"; };
		4AC56F0A27D869DA00404704 /* ExploreViewController.swift */ = {isa = PBXFileReference; lastKnownFileType = sourcecode.swift; path = ExploreViewController.swift; sourceTree = "<group>"; };
		4AC56F0C27D86A0000404704 /* ExploreViewModel.swift */ = {isa = PBXFileReference; lastKnownFileType = sourcecode.swift; path = ExploreViewModel.swift; sourceTree = "<group>"; };
		4AC56F0F27D86A4400404704 /* ProfileViewModel.swift */ = {isa = PBXFileReference; lastKnownFileType = sourcecode.swift; path = ProfileViewModel.swift; sourceTree = "<group>"; };
		4AC56F1127D86A5500404704 /* ProfileViewController.swift */ = {isa = PBXFileReference; lastKnownFileType = sourcecode.swift; path = ProfileViewController.swift; sourceTree = "<group>"; };
		4AC56F1427D886AB00404704 /* HomeLoginCell.swift */ = {isa = PBXFileReference; lastKnownFileType = sourcecode.swift; path = HomeLoginCell.swift; sourceTree = "<group>"; };
		4AC56F1827D89EC500404704 /* HomeFeaturedCell.swift */ = {isa = PBXFileReference; lastKnownFileType = sourcecode.swift; path = HomeFeaturedCell.swift; sourceTree = "<group>"; };
		4AC56F1B27D8A84C00404704 /* HomePeopleCell.swift */ = {isa = PBXFileReference; lastKnownFileType = sourcecode.swift; path = HomePeopleCell.swift; sourceTree = "<group>"; };
		4AC56F1E27D8B27200404704 /* HomeBlogCell.swift */ = {isa = PBXFileReference; lastKnownFileType = sourcecode.swift; path = HomeBlogCell.swift; sourceTree = "<group>"; };
/* End PBXFileReference section */

/* Begin PBXFrameworksBuildPhase section */
		4AABF7A727D70F550066136A /* Frameworks */ = {
			isa = PBXFrameworksBuildPhase;
			buildActionMask = 2147483647;
			files = (
			);
			runOnlyForDeploymentPostprocessing = 0;
		};
		4AABF7BD27D70F590066136A /* Frameworks */ = {
			isa = PBXFrameworksBuildPhase;
			buildActionMask = 2147483647;
			files = (
			);
			runOnlyForDeploymentPostprocessing = 0;
		};
		4AABF7C727D70F5A0066136A /* Frameworks */ = {
			isa = PBXFrameworksBuildPhase;
			buildActionMask = 2147483647;
			files = (
			);
			runOnlyForDeploymentPostprocessing = 0;
		};
/* End PBXFrameworksBuildPhase section */

/* Begin PBXGroup section */
		4A31C90327D7840100450865 /* Scenes */ = {
			isa = PBXGroup;
			children = (
				4A31C90427D7840800450865 /* TabBar */,
				4AC56F0427D868F200404704 /* Home */,
				4AC56F0927D869C900404704 /* Explore */,
				4AC56F0E27D86A3100404704 /* Profile */,
			);
			path = Scenes;
			sourceTree = "<group>";
		};
		4A31C90427D7840800450865 /* TabBar */ = {
			isa = PBXGroup;
			children = (
				4A31C90527D784DE00450865 /* TabBarViewController.swift */,
			);
			path = TabBar;
			sourceTree = "<group>";
		};
		4AABF7A127D70F540066136A = {
			isa = PBXGroup;
			children = (
				4AABF7AC27D70F550066136A /* LottieFiles */,
				4AABF7C327D70F5A0066136A /* LottieFilesTests */,
				4AABF7CD27D70F5A0066136A /* LottieFilesUITests */,
				4AABF7AB27D70F550066136A /* Products */,
			);
			sourceTree = "<group>";
		};
		4AABF7AB27D70F550066136A /* Products */ = {
			isa = PBXGroup;
			children = (
				4AABF7AA27D70F550066136A /* LottieFiles.app */,
				4AABF7C027D70F590066136A /* LottieFilesTests.xctest */,
				4AABF7CA27D70F5A0066136A /* LottieFilesUITests.xctest */,
			);
			name = Products;
			sourceTree = "<group>";
		};
		4AABF7AC27D70F550066136A /* LottieFiles */ = {
			isa = PBXGroup;
			children = (
				4A31C90327D7840100450865 /* Scenes */,
				4AABF7AD27D70F550066136A /* AppDelegate.swift */,
				4AABF7AF27D70F550066136A /* SceneDelegate.swift */,
				4AABF7B627D70F590066136A /* Assets.xcassets */,
				4AABF7B827D70F590066136A /* LaunchScreen.storyboard */,
				4AABF7BB27D70F590066136A /* Info.plist */,
			);
			path = LottieFiles;
			sourceTree = "<group>";
		};
		4AABF7C327D70F5A0066136A /* LottieFilesTests */ = {
			isa = PBXGroup;
			children = (
				4AABF7C427D70F5A0066136A /* LottieFilesTests.swift */,
			);
			path = LottieFilesTests;
			sourceTree = "<group>";
		};
		4AABF7CD27D70F5A0066136A /* LottieFilesUITests */ = {
			isa = PBXGroup;
			children = (
				4AABF7CE27D70F5A0066136A /* LottieFilesUITests.swift */,
				4AABF7D027D70F5A0066136A /* LottieFilesUITestsLaunchTests.swift */,
			);
			path = LottieFilesUITests;
			sourceTree = "<group>";
		};
		4AC56F0427D868F200404704 /* Home */ = {
			isa = PBXGroup;
			children = (
				4AC56F1327D8868400404704 /* Cells */,
				4AC56F0727D8697400404704 /* HomeViewModel.swift */,
				4AC56F0527D8690C00404704 /* HomeViewController.swift */,
			);
			path = Home;
			sourceTree = "<group>";
		};
		4AC56F0927D869C900404704 /* Explore */ = {
			isa = PBXGroup;
			children = (
				4AC56F0C27D86A0000404704 /* ExploreViewModel.swift */,
				4AC56F0A27D869DA00404704 /* ExploreViewController.swift */,
			);
			path = Explore;
			sourceTree = "<group>";
		};
		4AC56F0E27D86A3100404704 /* Profile */ = {
			isa = PBXGroup;
			children = (
				4AC56F0F27D86A4400404704 /* ProfileViewModel.swift */,
				4AC56F1127D86A5500404704 /* ProfileViewController.swift */,
			);
			path = Profile;
			sourceTree = "<group>";
		};
		4AC56F1327D8868400404704 /* Cells */ = {
			isa = PBXGroup;
			children = (
				4AC56F1627D8895900404704 /* HomeLogin */,
				4AC56F1727D89EAA00404704 /* HomeFeatured */,
				4AC56F1A27D8A6BE00404704 /* HomePeople */,
				4AC56F1D27D8B26000404704 /* HomeBlog */,
			);
			path = Cells;
			sourceTree = "<group>";
		};
		4AC56F1627D8895900404704 /* HomeLogin */ = {
			isa = PBXGroup;
			children = (
				4AC56F1427D886AB00404704 /* HomeLoginCell.swift */,
			);
			path = HomeLogin;
			sourceTree = "<group>";
		};
		4AC56F1727D89EAA00404704 /* HomeFeatured */ = {
			isa = PBXGroup;
			children = (
				4AC56F1827D89EC500404704 /* HomeFeaturedCell.swift */,
			);
			path = HomeFeatured;
			sourceTree = "<group>";
		};
		4AC56F1A27D8A6BE00404704 /* HomePeople */ = {
			isa = PBXGroup;
			children = (
				4AC56F1B27D8A84C00404704 /* HomePeopleCell.swift */,
			);
			path = HomePeople;
			sourceTree = "<group>";
		};
		4AC56F1D27D8B26000404704 /* HomeBlog */ = {
			isa = PBXGroup;
			children = (
				4AC56F1E27D8B27200404704 /* HomeBlogCell.swift */,
			);
			path = HomeBlog;
			sourceTree = "<group>";
		};
/* End PBXGroup section */

/* Begin PBXNativeTarget section */
		4AABF7A927D70F550066136A /* LottieFiles */ = {
			isa = PBXNativeTarget;
			buildConfigurationList = 4AABF7D427D70F5A0066136A /* Build configuration list for PBXNativeTarget "LottieFiles" */;
			buildPhases = (
				4AABF7A627D70F550066136A /* Sources */,
				4AABF7A727D70F550066136A /* Frameworks */,
				4AABF7A827D70F550066136A /* Resources */,
			);
			buildRules = (
			);
			dependencies = (
			);
			name = LottieFiles;
			productName = LottieFiles;
			productReference = 4AABF7AA27D70F550066136A /* LottieFiles.app */;
			productType = "com.apple.product-type.application";
		};
		4AABF7BF27D70F590066136A /* LottieFilesTests */ = {
			isa = PBXNativeTarget;
			buildConfigurationList = 4AABF7D727D70F5A0066136A /* Build configuration list for PBXNativeTarget "LottieFilesTests" */;
			buildPhases = (
				4AABF7BC27D70F590066136A /* Sources */,
				4AABF7BD27D70F590066136A /* Frameworks */,
				4AABF7BE27D70F590066136A /* Resources */,
			);
			buildRules = (
			);
			dependencies = (
				4AABF7C227D70F590066136A /* PBXTargetDependency */,
			);
			name = LottieFilesTests;
			productName = LottieFilesTests;
			productReference = 4AABF7C027D70F590066136A /* LottieFilesTests.xctest */;
			productType = "com.apple.product-type.bundle.unit-test";
		};
		4AABF7C927D70F5A0066136A /* LottieFilesUITests */ = {
			isa = PBXNativeTarget;
			buildConfigurationList = 4AABF7DA27D70F5A0066136A /* Build configuration list for PBXNativeTarget "LottieFilesUITests" */;
			buildPhases = (
				4AABF7C627D70F5A0066136A /* Sources */,
				4AABF7C727D70F5A0066136A /* Frameworks */,
				4AABF7C827D70F5A0066136A /* Resources */,
			);
			buildRules = (
			);
			dependencies = (
				4AABF7CC27D70F5A0066136A /* PBXTargetDependency */,
			);
			name = LottieFilesUITests;
			productName = LottieFilesUITests;
			productReference = 4AABF7CA27D70F5A0066136A /* LottieFilesUITests.xctest */;
			productType = "com.apple.product-type.bundle.ui-testing";
		};
/* End PBXNativeTarget section */

/* Begin PBXProject section */
		4AABF7A227D70F540066136A /* Project object */ = {
			isa = PBXProject;
			attributes = {
				BuildIndependentTargetsInParallel = 1;
				LastSwiftUpdateCheck = 1300;
				LastUpgradeCheck = 1300;
				TargetAttributes = {
					4AABF7A927D70F550066136A = {
						CreatedOnToolsVersion = 13.0;
					};
					4AABF7BF27D70F590066136A = {
						CreatedOnToolsVersion = 13.0;
						TestTargetID = 4AABF7A927D70F550066136A;
					};
					4AABF7C927D70F5A0066136A = {
						CreatedOnToolsVersion = 13.0;
						TestTargetID = 4AABF7A927D70F550066136A;
					};
				};
			};
			buildConfigurationList = 4AABF7A527D70F550066136A /* Build configuration list for PBXProject "LottieFiles" */;
			compatibilityVersion = "Xcode 13.0";
			developmentRegion = en;
			hasScannedForEncodings = 0;
			knownRegions = (
				en,
				Base,
			);
			mainGroup = 4AABF7A127D70F540066136A;
			productRefGroup = 4AABF7AB27D70F550066136A /* Products */;
			projectDirPath = "";
			projectRoot = "";
			targets = (
				4AABF7A927D70F550066136A /* LottieFiles */,
				4AABF7BF27D70F590066136A /* LottieFilesTests */,
				4AABF7C927D70F5A0066136A /* LottieFilesUITests */,
			);
		};
/* End PBXProject section */

/* Begin PBXResourcesBuildPhase section */
		4AABF7A827D70F550066136A /* Resources */ = {
			isa = PBXResourcesBuildPhase;
			buildActionMask = 2147483647;
			files = (
				4AABF7BA27D70F590066136A /* LaunchScreen.storyboard in Resources */,
				4AABF7B727D70F590066136A /* Assets.xcassets in Resources */,
			);
			runOnlyForDeploymentPostprocessing = 0;
		};
		4AABF7BE27D70F590066136A /* Resources */ = {
			isa = PBXResourcesBuildPhase;
			buildActionMask = 2147483647;
			files = (
			);
			runOnlyForDeploymentPostprocessing = 0;
		};
		4AABF7C827D70F5A0066136A /* Resources */ = {
			isa = PBXResourcesBuildPhase;
			buildActionMask = 2147483647;
			files = (
			);
			runOnlyForDeploymentPostprocessing = 0;
		};
/* End PBXResourcesBuildPhase section */

/* Begin PBXSourcesBuildPhase section */
		4AABF7A627D70F550066136A /* Sources */ = {
			isa = PBXSourcesBuildPhase;
			buildActionMask = 2147483647;
			files = (
				4AC56F0627D8690C00404704 /* HomeViewController.swift in Sources */,
				4AC56F0827D8697400404704 /* HomeViewModel.swift in Sources */,
				4AC56F1527D886AB00404704 /* HomeLoginCell.swift in Sources */,
				4AC56F1227D86A5500404704 /* ProfileViewController.swift in Sources */,
				4A31C90627D784DE00450865 /* TabBarViewController.swift in Sources */,
				4AC56F1C27D8A84C00404704 /* HomePeopleCell.swift in Sources */,
				4AC56F1F27D8B27200404704 /* HomeBlogCell.swift in Sources */,
				4AC56F1027D86A4400404704 /* ProfileViewModel.swift in Sources */,
				4AC56F0D27D86A0000404704 /* ExploreViewModel.swift in Sources */,
				4AC56F1927D89EC500404704 /* HomeFeaturedCell.swift in Sources */,
				4AABF7AE27D70F550066136A /* AppDelegate.swift in Sources */,
				4AC56F0B27D869DA00404704 /* ExploreViewController.swift in Sources */,
				4AABF7B027D70F550066136A /* SceneDelegate.swift in Sources */,
			);
			runOnlyForDeploymentPostprocessing = 0;
		};
		4AABF7BC27D70F590066136A /* Sources */ = {
			isa = PBXSourcesBuildPhase;
			buildActionMask = 2147483647;
			files = (
				4AABF7C527D70F5A0066136A /* LottieFilesTests.swift in Sources */,
			);
			runOnlyForDeploymentPostprocessing = 0;
		};
		4AABF7C627D70F5A0066136A /* Sources */ = {
			isa = PBXSourcesBuildPhase;
			buildActionMask = 2147483647;
			files = (
				4AABF7CF27D70F5A0066136A /* LottieFilesUITests.swift in Sources */,
				4AABF7D127D70F5A0066136A /* LottieFilesUITestsLaunchTests.swift in Sources */,
			);
			runOnlyForDeploymentPostprocessing = 0;
		};
/* End PBXSourcesBuildPhase section */

/* Begin PBXTargetDependency section */
		4AABF7C227D70F590066136A /* PBXTargetDependency */ = {
			isa = PBXTargetDependency;
			target = 4AABF7A927D70F550066136A /* LottieFiles */;
			targetProxy = 4AABF7C127D70F590066136A /* PBXContainerItemProxy */;
		};
		4AABF7CC27D70F5A0066136A /* PBXTargetDependency */ = {
			isa = PBXTargetDependency;
			target = 4AABF7A927D70F550066136A /* LottieFiles */;
			targetProxy = 4AABF7CB27D70F5A0066136A /* PBXContainerItemProxy */;
		};
/* End PBXTargetDependency section */

/* Begin PBXVariantGroup section */
		4AABF7B827D70F590066136A /* LaunchScreen.storyboard */ = {
			isa = PBXVariantGroup;
			children = (
				4AABF7B927D70F590066136A /* Base */,
			);
			name = LaunchScreen.storyboard;
			sourceTree = "<group>";
		};
/* End PBXVariantGroup section */

/* Begin XCBuildConfiguration section */
		4AABF7D227D70F5A0066136A /* Debug */ = {
			isa = XCBuildConfiguration;
			buildSettings = {
				ALWAYS_SEARCH_USER_PATHS = NO;
				CLANG_ANALYZER_NONNULL = YES;
				CLANG_ANALYZER_NUMBER_OBJECT_CONVERSION = YES_AGGRESSIVE;
				CLANG_CXX_LANGUAGE_STANDARD = "gnu++17";
				CLANG_CXX_LIBRARY = "libc++";
				CLANG_ENABLE_MODULES = YES;
				CLANG_ENABLE_OBJC_ARC = YES;
				CLANG_ENABLE_OBJC_WEAK = YES;
				CLANG_WARN_BLOCK_CAPTURE_AUTORELEASING = YES;
				CLANG_WARN_BOOL_CONVERSION = YES;
				CLANG_WARN_COMMA = YES;
				CLANG_WARN_CONSTANT_CONVERSION = YES;
				CLANG_WARN_DEPRECATED_OBJC_IMPLEMENTATIONS = YES;
				CLANG_WARN_DIRECT_OBJC_ISA_USAGE = YES_ERROR;
				CLANG_WARN_DOCUMENTATION_COMMENTS = YES;
				CLANG_WARN_EMPTY_BODY = YES;
				CLANG_WARN_ENUM_CONVERSION = YES;
				CLANG_WARN_INFINITE_RECURSION = YES;
				CLANG_WARN_INT_CONVERSION = YES;
				CLANG_WARN_NON_LITERAL_NULL_CONVERSION = YES;
				CLANG_WARN_OBJC_IMPLICIT_RETAIN_SELF = YES;
				CLANG_WARN_OBJC_LITERAL_CONVERSION = YES;
				CLANG_WARN_OBJC_ROOT_CLASS = YES_ERROR;
				CLANG_WARN_QUOTED_INCLUDE_IN_FRAMEWORK_HEADER = YES;
				CLANG_WARN_RANGE_LOOP_ANALYSIS = YES;
				CLANG_WARN_STRICT_PROTOTYPES = YES;
				CLANG_WARN_SUSPICIOUS_MOVE = YES;
				CLANG_WARN_UNGUARDED_AVAILABILITY = YES_AGGRESSIVE;
				CLANG_WARN_UNREACHABLE_CODE = YES;
				CLANG_WARN__DUPLICATE_METHOD_MATCH = YES;
				COPY_PHASE_STRIP = NO;
				DEBUG_INFORMATION_FORMAT = dwarf;
				ENABLE_STRICT_OBJC_MSGSEND = YES;
				ENABLE_TESTABILITY = YES;
				GCC_C_LANGUAGE_STANDARD = gnu11;
				GCC_DYNAMIC_NO_PIC = NO;
				GCC_NO_COMMON_BLOCKS = YES;
				GCC_OPTIMIZATION_LEVEL = 0;
				GCC_PREPROCESSOR_DEFINITIONS = (
					"DEBUG=1",
					"$(inherited)",
				);
				GCC_WARN_64_TO_32_BIT_CONVERSION = YES;
				GCC_WARN_ABOUT_RETURN_TYPE = YES_ERROR;
				GCC_WARN_UNDECLARED_SELECTOR = YES;
				GCC_WARN_UNINITIALIZED_AUTOS = YES_AGGRESSIVE;
				GCC_WARN_UNUSED_FUNCTION = YES;
				GCC_WARN_UNUSED_VARIABLE = YES;
				IPHONEOS_DEPLOYMENT_TARGET = 15.0;
				MTL_ENABLE_DEBUG_INFO = INCLUDE_SOURCE;
				MTL_FAST_MATH = YES;
				ONLY_ACTIVE_ARCH = YES;
				SDKROOT = iphoneos;
				SWIFT_ACTIVE_COMPILATION_CONDITIONS = DEBUG;
				SWIFT_OPTIMIZATION_LEVEL = "-Onone";
			};
			name = Debug;
		};
		4AABF7D327D70F5A0066136A /* Release */ = {
			isa = XCBuildConfiguration;
			buildSettings = {
				ALWAYS_SEARCH_USER_PATHS = NO;
				CLANG_ANALYZER_NONNULL = YES;
				CLANG_ANALYZER_NUMBER_OBJECT_CONVERSION = YES_AGGRESSIVE;
				CLANG_CXX_LANGUAGE_STANDARD = "gnu++17";
				CLANG_CXX_LIBRARY = "libc++";
				CLANG_ENABLE_MODULES = YES;
				CLANG_ENABLE_OBJC_ARC = YES;
				CLANG_ENABLE_OBJC_WEAK = YES;
				CLANG_WARN_BLOCK_CAPTURE_AUTORELEASING = YES;
				CLANG_WARN_BOOL_CONVERSION = YES;
				CLANG_WARN_COMMA = YES;
				CLANG_WARN_CONSTANT_CONVERSION = YES;
				CLANG_WARN_DEPRECATED_OBJC_IMPLEMENTATIONS = YES;
				CLANG_WARN_DIRECT_OBJC_ISA_USAGE = YES_ERROR;
				CLANG_WARN_DOCUMENTATION_COMMENTS = YES;
				CLANG_WARN_EMPTY_BODY = YES;
				CLANG_WARN_ENUM_CONVERSION = YES;
				CLANG_WARN_INFINITE_RECURSION = YES;
				CLANG_WARN_INT_CONVERSION = YES;
				CLANG_WARN_NON_LITERAL_NULL_CONVERSION = YES;
				CLANG_WARN_OBJC_IMPLICIT_RETAIN_SELF = YES;
				CLANG_WARN_OBJC_LITERAL_CONVERSION = YES;
				CLANG_WARN_OBJC_ROOT_CLASS = YES_ERROR;
				CLANG_WARN_QUOTED_INCLUDE_IN_FRAMEWORK_HEADER = YES;
				CLANG_WARN_RANGE_LOOP_ANALYSIS = YES;
				CLANG_WARN_STRICT_PROTOTYPES = YES;
				CLANG_WARN_SUSPICIOUS_MOVE = YES;
				CLANG_WARN_UNGUARDED_AVAILABILITY = YES_AGGRESSIVE;
				CLANG_WARN_UNREACHABLE_CODE = YES;
				CLANG_WARN__DUPLICATE_METHOD_MATCH = YES;
				COPY_PHASE_STRIP = NO;
				DEBUG_INFORMATION_FORMAT = "dwarf-with-dsym";
				ENABLE_NS_ASSERTIONS = NO;
				ENABLE_STRICT_OBJC_MSGSEND = YES;
				GCC_C_LANGUAGE_STANDARD = gnu11;
				GCC_NO_COMMON_BLOCKS = YES;
				GCC_WARN_64_TO_32_BIT_CONVERSION = YES;
				GCC_WARN_ABOUT_RETURN_TYPE = YES_ERROR;
				GCC_WARN_UNDECLARED_SELECTOR = YES;
				GCC_WARN_UNINITIALIZED_AUTOS = YES_AGGRESSIVE;
				GCC_WARN_UNUSED_FUNCTION = YES;
				GCC_WARN_UNUSED_VARIABLE = YES;
				IPHONEOS_DEPLOYMENT_TARGET = 15.0;
				MTL_ENABLE_DEBUG_INFO = NO;
				MTL_FAST_MATH = YES;
				SDKROOT = iphoneos;
				SWIFT_COMPILATION_MODE = wholemodule;
				SWIFT_OPTIMIZATION_LEVEL = "-O";
				VALIDATE_PRODUCT = YES;
			};
			name = Release;
		};
		4AABF7D527D70F5A0066136A /* Debug */ = {
			isa = XCBuildConfiguration;
			buildSettings = {
				ASSETCATALOG_COMPILER_APPICON_NAME = AppIcon;
				ASSETCATALOG_COMPILER_GLOBAL_ACCENT_COLOR_NAME = AccentColor;
				CODE_SIGN_STYLE = Automatic;
				CURRENT_PROJECT_VERSION = 1;
				DEVELOPMENT_TEAM = 96ZJY6AYCD;
				GENERATE_INFOPLIST_FILE = YES;
				INFOPLIST_FILE = LottieFiles/Info.plist;
				INFOPLIST_KEY_UIApplicationSupportsIndirectInputEvents = YES;
				INFOPLIST_KEY_UILaunchStoryboardName = LaunchScreen;
				INFOPLIST_KEY_UISupportedInterfaceOrientations_iPad = "UIInterfaceOrientationPortrait UIInterfaceOrientationPortraitUpsideDown UIInterfaceOrientationLandscapeLeft UIInterfaceOrientationLandscapeRight";
				INFOPLIST_KEY_UISupportedInterfaceOrientations_iPhone = "UIInterfaceOrientationPortrait UIInterfaceOrientationLandscapeLeft UIInterfaceOrientationLandscapeRight";
				LD_RUNPATH_SEARCH_PATHS = (
					"$(inherited)",
					"@executable_path/Frameworks",
				);
				MARKETING_VERSION = 1.0;
				PRODUCT_BUNDLE_IDENTIFIER = com.faizmokhtar.LottieFiles;
				PRODUCT_NAME = "$(TARGET_NAME)";
				SWIFT_EMIT_LOC_STRINGS = YES;
				SWIFT_VERSION = 5.0;
				TARGETED_DEVICE_FAMILY = "1,2";
			};
			name = Debug;
		};
		4AABF7D627D70F5A0066136A /* Release */ = {
			isa = XCBuildConfiguration;
			buildSettings = {
				ASSETCATALOG_COMPILER_APPICON_NAME = AppIcon;
				ASSETCATALOG_COMPILER_GLOBAL_ACCENT_COLOR_NAME = AccentColor;
				CODE_SIGN_STYLE = Automatic;
				CURRENT_PROJECT_VERSION = 1;
				DEVELOPMENT_TEAM = 96ZJY6AYCD;
				GENERATE_INFOPLIST_FILE = YES;
				INFOPLIST_FILE = LottieFiles/Info.plist;
				INFOPLIST_KEY_UIApplicationSupportsIndirectInputEvents = YES;
				INFOPLIST_KEY_UILaunchStoryboardName = LaunchScreen;
				INFOPLIST_KEY_UISupportedInterfaceOrientations_iPad = "UIInterfaceOrientationPortrait UIInterfaceOrientationPortraitUpsideDown UIInterfaceOrientationLandscapeLeft UIInterfaceOrientationLandscapeRight";
				INFOPLIST_KEY_UISupportedInterfaceOrientations_iPhone = "UIInterfaceOrientationPortrait UIInterfaceOrientationLandscapeLeft UIInterfaceOrientationLandscapeRight";
				LD_RUNPATH_SEARCH_PATHS = (
					"$(inherited)",
					"@executable_path/Frameworks",
				);
				MARKETING_VERSION = 1.0;
				PRODUCT_BUNDLE_IDENTIFIER = com.faizmokhtar.LottieFiles;
				PRODUCT_NAME = "$(TARGET_NAME)";
				SWIFT_EMIT_LOC_STRINGS = YES;
				SWIFT_VERSION = 5.0;
				TARGETED_DEVICE_FAMILY = "1,2";
			};
			name = Release;
		};
		4AABF7D827D70F5A0066136A /* Debug */ = {
			isa = XCBuildConfiguration;
			buildSettings = {
				ALWAYS_EMBED_SWIFT_STANDARD_LIBRARIES = YES;
				BUNDLE_LOADER = "$(TEST_HOST)";
				CODE_SIGN_STYLE = Automatic;
				CURRENT_PROJECT_VERSION = 1;
				DEVELOPMENT_TEAM = 96ZJY6AYCD;
				GENERATE_INFOPLIST_FILE = YES;
				IPHONEOS_DEPLOYMENT_TARGET = 15.0;
				LD_RUNPATH_SEARCH_PATHS = (
					"$(inherited)",
					"@executable_path/Frameworks",
					"@loader_path/Frameworks",
				);
				MARKETING_VERSION = 1.0;
				PRODUCT_BUNDLE_IDENTIFIER = com.faizmokhtar.LottieFilesTests;
				PRODUCT_NAME = "$(TARGET_NAME)";
				SWIFT_EMIT_LOC_STRINGS = NO;
				SWIFT_VERSION = 5.0;
				TARGETED_DEVICE_FAMILY = "1,2";
				TEST_HOST = "$(BUILT_PRODUCTS_DIR)/LottieFiles.app/LottieFiles";
			};
			name = Debug;
		};
		4AABF7D927D70F5A0066136A /* Release */ = {
			isa = XCBuildConfiguration;
			buildSettings = {
				ALWAYS_EMBED_SWIFT_STANDARD_LIBRARIES = YES;
				BUNDLE_LOADER = "$(TEST_HOST)";
				CODE_SIGN_STYLE = Automatic;
				CURRENT_PROJECT_VERSION = 1;
				DEVELOPMENT_TEAM = 96ZJY6AYCD;
				GENERATE_INFOPLIST_FILE = YES;
				IPHONEOS_DEPLOYMENT_TARGET = 15.0;
				LD_RUNPATH_SEARCH_PATHS = (
					"$(inherited)",
					"@executable_path/Frameworks",
					"@loader_path/Frameworks",
				);
				MARKETING_VERSION = 1.0;
				PRODUCT_BUNDLE_IDENTIFIER = com.faizmokhtar.LottieFilesTests;
				PRODUCT_NAME = "$(TARGET_NAME)";
				SWIFT_EMIT_LOC_STRINGS = NO;
				SWIFT_VERSION = 5.0;
				TARGETED_DEVICE_FAMILY = "1,2";
				TEST_HOST = "$(BUILT_PRODUCTS_DIR)/LottieFiles.app/LottieFiles";
			};
			name = Release;
		};
		4AABF7DB27D70F5A0066136A /* Debug */ = {
			isa = XCBuildConfiguration;
			buildSettings = {
				ALWAYS_EMBED_SWIFT_STANDARD_LIBRARIES = YES;
				CODE_SIGN_STYLE = Automatic;
				CURRENT_PROJECT_VERSION = 1;
				DEVELOPMENT_TEAM = 96ZJY6AYCD;
				GENERATE_INFOPLIST_FILE = YES;
				LD_RUNPATH_SEARCH_PATHS = (
					"$(inherited)",
					"@executable_path/Frameworks",
					"@loader_path/Frameworks",
				);
				MARKETING_VERSION = 1.0;
				PRODUCT_BUNDLE_IDENTIFIER = com.faizmokhtar.LottieFilesUITests;
				PRODUCT_NAME = "$(TARGET_NAME)";
				SWIFT_EMIT_LOC_STRINGS = NO;
				SWIFT_VERSION = 5.0;
				TARGETED_DEVICE_FAMILY = "1,2";
				TEST_TARGET_NAME = LottieFiles;
			};
			name = Debug;
		};
		4AABF7DC27D70F5A0066136A /* Release */ = {
			isa = XCBuildConfiguration;
			buildSettings = {
				ALWAYS_EMBED_SWIFT_STANDARD_LIBRARIES = YES;
				CODE_SIGN_STYLE = Automatic;
				CURRENT_PROJECT_VERSION = 1;
				DEVELOPMENT_TEAM = 96ZJY6AYCD;
				GENERATE_INFOPLIST_FILE = YES;
				LD_RUNPATH_SEARCH_PATHS = (
					"$(inherited)",
					"@executable_path/Frameworks",
					"@loader_path/Frameworks",
				);
				MARKETING_VERSION = 1.0;
				PRODUCT_BUNDLE_IDENTIFIER = com.faizmokhtar.LottieFilesUITests;
				PRODUCT_NAME = "$(TARGET_NAME)";
				SWIFT_EMIT_LOC_STRINGS = NO;
				SWIFT_VERSION = 5.0;
				TARGETED_DEVICE_FAMILY = "1,2";
				TEST_TARGET_NAME = LottieFiles;
			};
			name = Release;
		};
/* End XCBuildConfiguration section */

/* Begin XCConfigurationList section */
		4AABF7A527D70F550066136A /* Build configuration list for PBXProject "LottieFiles" */ = {
			isa = XCConfigurationList;
			buildConfigurations = (
				4AABF7D227D70F5A0066136A /* Debug */,
				4AABF7D327D70F5A0066136A /* Release */,
			);
			defaultConfigurationIsVisible = 0;
			defaultConfigurationName = Release;
		};
		4AABF7D427D70F5A0066136A /* Build configuration list for PBXNativeTarget "LottieFiles" */ = {
			isa = XCConfigurationList;
			buildConfigurations = (
				4AABF7D527D70F5A0066136A /* Debug */,
				4AABF7D627D70F5A0066136A /* Release */,
			);
			defaultConfigurationIsVisible = 0;
			defaultConfigurationName = Release;
		};
		4AABF7D727D70F5A0066136A /* Build configuration list for PBXNativeTarget "LottieFilesTests" */ = {
			isa = XCConfigurationList;
			buildConfigurations = (
				4AABF7D827D70F5A0066136A /* Debug */,
				4AABF7D927D70F5A0066136A /* Release */,
			);
			defaultConfigurationIsVisible = 0;
			defaultConfigurationName = Release;
		};
		4AABF7DA27D70F5A0066136A /* Build configuration list for PBXNativeTarget "LottieFilesUITests" */ = {
			isa = XCConfigurationList;
			buildConfigurations = (
				4AABF7DB27D70F5A0066136A /* Debug */,
				4AABF7DC27D70F5A0066136A /* Release */,
			);
			defaultConfigurationIsVisible = 0;
			defaultConfigurationName = Release;
		};
/* End XCConfigurationList section */
	};
	rootObject = 4AABF7A227D70F540066136A /* Project object */;
}
