// !$*UTF8*$!
{
	archiveVersion = 1;
	classes = {
	};
	objectVersion = 55;
	objects = {

/* Begin PBXBuildFile section */
		4A31C90627D784DE00450865 /* TabBarViewController.swift in Sources */ = {isa = PBXBuildFile; fileRef = 4A31C90527D784DE00450865 /* TabBarViewController.swift */; };
		4AABF7AE27D70F550066136A /* AppDelegate.swift in Sources */ = {isa = PBXBuildFile; fileRef = 4AABF7AD27D70F550066136A /* AppDelegate.swift */; };
		4AABF7B027D70F550066136A /* SceneDelegate.swift in Sources */ = {isa = PBXBuildFile; fileRef = 4AABF7AF27D70F550066136A /* SceneDelegate.swift */; };
		4AABF7B727D70F590066136A /* Assets.xcassets in Resources */ = {isa = PBXBuildFile; fileRef = 4AABF7B627D70F590066136A /* Assets.xcassets */; };
		4AABF7BA27D70F590066136A /* LaunchScreen.storyboard in Resources */ = {isa = PBXBuildFile; fileRef = 4AABF7B827D70F590066136A /* LaunchScreen.storyboard */; };
		4AABF7C527D70F5A0066136A /* LottieFilesTests.swift in Sources */ = {isa = PBXBuildFile; fileRef = 4AABF7C427D70F5A0066136A /* LottieFilesTests.swift */; };
		4AABF7CF27D70F5A0066136A /* LottieFilesUITests.swift in Sources */ = {isa = PBXBuildFile; fileRef = 4AABF7CE27D70F5A0066136A /* LottieFilesUITests.swift */; };
		4AABF7D127D70F5A0066136A /* LottieFilesUITestsLaunchTests.swift in Sources */ = {isa = PBXBuildFile; fileRef = 4AABF7D027D70F5A0066136A /* LottieFilesUITestsLaunchTests.swift */; };
		4AC56F0627D8690C00404704 /* HomeViewController.swift in Sources */ = {isa = PBXBuildFile; fileRef = 4AC56F0527D8690C00404704 /* HomeViewController.swift */; };
		4AC56F0827D8697400404704 /* HomeViewModel.swift in Sources */ = {isa = PBXBuildFile; fileRef = 4AC56F0727D8697400404704 /* HomeViewModel.swift */; };
		4AC56F0B27D869DA00404704 /* ExploreViewController.swift in Sources */ = {isa = PBXBuildFile; fileRef = 4AC56F0A27D869DA00404704 /* ExploreViewController.swift */; };
		4AC56F0D27D86A0000404704 /* ExploreViewModel.swift in Sources */ = {isa = PBXBuildFile; fileRef = 4AC56F0C27D86A0000404704 /* ExploreViewModel.swift */; };
		4AC56F1027D86A4400404704 /* ProfileViewModel.swift in Sources */ = {isa = PBXBuildFile; fileRef = 4AC56F0F27D86A4400404704 /* ProfileViewModel.swift */; };
		4AC56F1227D86A5500404704 /* ProfileViewController.swift in Sources */ = {isa = PBXBuildFile; fileRef = 4AC56F1127D86A5500404704 /* ProfileViewController.swift */; };
		4AC56F1527D886AB00404704 /* HomeLoginCell.swift in Sources */ = {isa = PBXBuildFile; fileRef = 4AC56F1427D886AB00404704 /* HomeLoginCell.swift */; };
		4AC56F1927D89EC500404704 /* HomeFeaturedCell.swift in Sources */ = {isa = PBXBuildFile; fileRef = 4AC56F1827D89EC500404704 /* HomeFeaturedCell.swift */; };
		4AC56F1C27D8A84C00404704 /* HomePeopleCell.swift in Sources */ = {isa = PBXBuildFile; fileRef = 4AC56F1B27D8A84C00404704 /* HomePeopleCell.swift */; };
		4AC56F1F27D8B27200404704 /* HomeBlogCell.swift in Sources */ = {isa = PBXBuildFile; fileRef = 4AC56F1E27D8B27200404704 /* HomeBlogCell.swift */; };
		4AC56F2227D8DEEF00404704 /* HomeSectionHeader.swift in Sources */ = {isa = PBXBuildFile; fileRef = 4AC56F2127D8DEEF00404704 /* HomeSectionHeader.swift */; };
		4AC56F2A27D9F1A400404704 /* ExploreListViewController.swift in Sources */ = {isa = PBXBuildFile; fileRef = 4AC56F2927D9F1A400404704 /* ExploreListViewController.swift */; };
		4AC56F2C27D9F1E600404704 /* ExploreListViewModel.swift in Sources */ = {isa = PBXBuildFile; fileRef = 4AC56F2B27D9F1E600404704 /* ExploreListViewModel.swift */; };
		4AC56F2F27DA005D00404704 /* ExploreCell.swift in Sources */ = {isa = PBXBuildFile; fileRef = 4AC56F2E27DA005D00404704 /* ExploreCell.swift */; };
		4AC56F3127DA143000404704 /* ExploreCellViewModel.swift in Sources */ = {isa = PBXBuildFile; fileRef = 4AC56F3027DA143000404704 /* ExploreCellViewModel.swift */; };
		4AC56F3427DB042A00404704 /* LottieFilesAPIProvider.swift in Sources */ = {isa = PBXBuildFile; fileRef = 4AC56F3327DB042A00404704 /* LottieFilesAPIProvider.swift */; };
		4AC56F3727DB240C00404704 /* FeaturedAnimationsResponse.swift in Sources */ = {isa = PBXBuildFile; fileRef = 4AC56F3627DB240C00404704 /* FeaturedAnimationsResponse.swift */; };
		4AC56F3927DB24B500404704 /* FeaturedAnimationsResponseTests.swift in Sources */ = {isa = PBXBuildFile; fileRef = 4AC56F3827DB24B400404704 /* FeaturedAnimationsResponseTests.swift */; };
		4AC56F3D27DB2E2D00404704 /* DataResponse.swift in Sources */ = {isa = PBXBuildFile; fileRef = 4AC56F3C27DB2E2D00404704 /* DataResponse.swift */; };
		4AC56F3F27DB2E4900404704 /* LottieResponse.swift in Sources */ = {isa = PBXBuildFile; fileRef = 4AC56F3E27DB2E4900404704 /* LottieResponse.swift */; };
		4AC56F4327DB2FAB00404704 /* PopularAnimationsResponse.swift in Sources */ = {isa = PBXBuildFile; fileRef = 4AC56F4227DB2FAB00404704 /* PopularAnimationsResponse.swift */; };
		4AC56F4527DB313600404704 /* PopularAnimationsResponseTests.swift in Sources */ = {isa = PBXBuildFile; fileRef = 4AC56F4427DB313600404704 /* PopularAnimationsResponseTests.swift */; };
		4AC56F4827DB339600404704 /* RecentAnimationsResponse.swift in Sources */ = {isa = PBXBuildFile; fileRef = 4AC56F4727DB339600404704 /* RecentAnimationsResponse.swift */; };
		4AC56F4A27DB3A3500404704 /* RecentAnimationsResponseTests.swift in Sources */ = {isa = PBXBuildFile; fileRef = 4AC56F4927DB3A3500404704 /* RecentAnimationsResponseTests.swift */; };
		4AC56F4D27DB3CB300404704 /* FeaturedAnimatorsResponse.swift in Sources */ = {isa = PBXBuildFile; fileRef = 4AC56F4C27DB3CB300404704 /* FeaturedAnimatorsResponse.swift */; };
		4AC56F4F27DB4F0800404704 /* FeaturedAnimatorsResponseTests.swift in Sources */ = {isa = PBXBuildFile; fileRef = 4AC56F4E27DB4F0800404704 /* FeaturedAnimatorsResponseTests.swift */; };
		4AC56F5227DB503F00404704 /* BlogsResponse.swift in Sources */ = {isa = PBXBuildFile; fileRef = 4AC56F5127DB503E00404704 /* BlogsResponse.swift */; };
		4AC56F5427DB57FF00404704 /* BlogsResponseTests.swift in Sources */ = {isa = PBXBuildFile; fileRef = 4AC56F5327DB57FF00404704 /* BlogsResponseTests.swift */; };
		4AC56F5627DB5F0E00404704 /* LottieResponseTests.swift in Sources */ = {isa = PBXBuildFile; fileRef = 4AC56F5527DB5F0E00404704 /* LottieResponseTests.swift */; };
		4AC56F5927DC3F4E00404704 /* DateFormatter+Extensions.swift in Sources */ = {isa = PBXBuildFile; fileRef = 4AC56F5827DC3F4E00404704 /* DateFormatter+Extensions.swift */; };
		4AC56F5B27DCFFD700404704 /* URL+Extensions.swift in Sources */ = {isa = PBXBuildFile; fileRef = 4AC56F5A27DCFFD700404704 /* URL+Extensions.swift */; };
		4AC56F5E27DEE87D00404704 /* UIColor+Extensions.swift in Sources */ = {isa = PBXBuildFile; fileRef = 4AC56F5D27DEE87C00404704 /* UIColor+Extensions.swift */; };
		5F9F0422E626BC38B8EF0297 /* Pods_LottieFilesTests.framework in Frameworks */ = {isa = PBXBuildFile; fileRef = 6D9D019EAE873454459B36E3 /* Pods_LottieFilesTests.framework */; };
		871BD47B7DE8FA467EFC6F27 /* Pods_LottieFiles_LottieFilesUITests.framework in Frameworks */ = {isa = PBXBuildFile; fileRef = EA124F214DE2056E28D80980 /* Pods_LottieFiles_LottieFilesUITests.framework */; };
		E4A98485EFEBD9EB2C88DF7A /* Pods_LottieFiles.framework in Frameworks */ = {isa = PBXBuildFile; fileRef = F9F7E7EC19FB0935DE2583DD /* Pods_LottieFiles.framework */; };
/* End PBXBuildFile section */

/* Begin PBXContainerItemProxy section */
		4AABF7C127D70F590066136A /* PBXContainerItemProxy */ = {
			isa = PBXContainerItemProxy;
			containerPortal = 4AABF7A227D70F540066136A /* Project object */;
			proxyType = 1;
			remoteGlobalIDString = 4AABF7A927D70F550066136A;
			remoteInfo = LottieFiles;
		};
		4AABF7CB27D70F5A0066136A /* PBXContainerItemProxy */ = {
			isa = PBXContainerItemProxy;
			containerPortal = 4AABF7A227D70F540066136A /* Project object */;
			proxyType = 1;
			remoteGlobalIDString = 4AABF7A927D70F550066136A;
			remoteInfo = LottieFiles;
		};
/* End PBXContainerItemProxy section */

/* Begin PBXFileReference section */
		3900F028799A2FD678C05A3A /* Pods-LottieFiles.release.xcconfig */ = {isa = PBXFileReference; includeInIndex = 1; lastKnownFileType = text.xcconfig; name = "Pods-LottieFiles.release.xcconfig"; path = "Target Support Files/Pods-LottieFiles/Pods-LottieFiles.release.xcconfig"; sourceTree = "<group>"; };
		4A31C90527D784DE00450865 /* TabBarViewController.swift */ = {isa = PBXFileReference; lastKnownFileType = sourcecode.swift; path = TabBarViewController.swift; sourceTree = "<group>"; };
		4AABF7AA27D70F550066136A /* LottieFiles.app */ = {isa = PBXFileReference; explicitFileType = wrapper.application; includeInIndex = 0; path = LottieFiles.app; sourceTree = BUILT_PRODUCTS_DIR; };
		4AABF7AD27D70F550066136A /* AppDelegate.swift */ = {isa = PBXFileReference; lastKnownFileType = sourcecode.swift; path = AppDelegate.swift; sourceTree = "<group>"; };
		4AABF7AF27D70F550066136A /* SceneDelegate.swift */ = {isa = PBXFileReference; lastKnownFileType = sourcecode.swift; path = SceneDelegate.swift; sourceTree = "<group>"; };
		4AABF7B627D70F590066136A /* Assets.xcassets */ = {isa = PBXFileReference; lastKnownFileType = folder.assetcatalog; path = Assets.xcassets; sourceTree = "<group>"; };
		4AABF7B927D70F590066136A /* Base */ = {isa = PBXFileReference; lastKnownFileType = file.storyboard; name = Base; path = Base.lproj/LaunchScreen.storyboard; sourceTree = "<group>"; };
		4AABF7BB27D70F590066136A /* Info.plist */ = {isa = PBXFileReference; lastKnownFileType = text.plist.xml; path = Info.plist; sourceTree = "<group>"; };
		4AABF7C027D70F590066136A /* LottieFilesTests.xctest */ = {isa = PBXFileReference; explicitFileType = wrapper.cfbundle; includeInIndex = 0; path = LottieFilesTests.xctest; sourceTree = BUILT_PRODUCTS_DIR; };
		4AABF7C427D70F5A0066136A /* LottieFilesTests.swift */ = {isa = PBXFileReference; lastKnownFileType = sourcecode.swift; path = LottieFilesTests.swift; sourceTree = "<group>"; };
		4AABF7CA27D70F5A0066136A /* LottieFilesUITests.xctest */ = {isa = PBXFileReference; explicitFileType = wrapper.cfbundle; includeInIndex = 0; path = LottieFilesUITests.xctest; sourceTree = BUILT_PRODUCTS_DIR; };
		4AABF7CE27D70F5A0066136A /* LottieFilesUITests.swift */ = {isa = PBXFileReference; lastKnownFileType = sourcecode.swift; path = LottieFilesUITests.swift; sourceTree = "<group>"; };
		4AABF7D027D70F5A0066136A /* LottieFilesUITestsLaunchTests.swift */ = {isa = PBXFileReference; lastKnownFileType = sourcecode.swift; path = LottieFilesUITestsLaunchTests.swift; sourceTree = "<group>"; };
		4AC56F0527D8690C00404704 /* HomeViewController.swift */ = {isa = PBXFileReference; lastKnownFileType = sourcecode.swift; path = HomeViewController.swift; sourceTree = "<group>"; };
		4AC56F0727D8697400404704 /* HomeViewModel.swift */ = {isa = PBXFileReference; lastKnownFileType = sourcecode.swift; path = HomeViewModel.swift; sourceTree = "<group>"; };
		4AC56F0A27D869DA00404704 /* ExploreViewController.swift */ = {isa = PBXFileReference; lastKnownFileType = sourcecode.swift; path = ExploreViewController.swift; sourceTree = "<group>"; };
		4AC56F0C27D86A0000404704 /* ExploreViewModel.swift */ = {isa = PBXFileReference; lastKnownFileType = sourcecode.swift; path = ExploreViewModel.swift; sourceTree = "<group>"; };
		4AC56F0F27D86A4400404704 /* ProfileViewModel.swift */ = {isa = PBXFileReference; lastKnownFileType = sourcecode.swift; path = ProfileViewModel.swift; sourceTree = "<group>"; };
		4AC56F1127D86A5500404704 /* ProfileViewController.swift */ = {isa = PBXFileReference; lastKnownFileType = sourcecode.swift; path = ProfileViewController.swift; sourceTree = "<group>"; };
		4AC56F1427D886AB00404704 /* HomeLoginCell.swift */ = {isa = PBXFileReference; lastKnownFileType = sourcecode.swift; path = HomeLoginCell.swift; sourceTree = "<group>"; };
		4AC56F1827D89EC500404704 /* HomeFeaturedCell.swift */ = {isa = PBXFileReference; lastKnownFileType = sourcecode.swift; path = HomeFeaturedCell.swift; sourceTree = "<group>"; };
		4AC56F1B27D8A84C00404704 /* HomePeopleCell.swift */ = {isa = PBXFileReference; lastKnownFileType = sourcecode.swift; path = HomePeopleCell.swift; sourceTree = "<group>"; };
		4AC56F1E27D8B27200404704 /* HomeBlogCell.swift */ = {isa = PBXFileReference; lastKnownFileType = sourcecode.swift; path = HomeBlogCell.swift; sourceTree = "<group>"; };
		4AC56F2127D8DEEF00404704 /* HomeSectionHeader.swift */ = {isa = PBXFileReference; lastKnownFileType = sourcecode.swift; path = HomeSectionHeader.swift; sourceTree = "<group>"; };
		4AC56F2927D9F1A400404704 /* ExploreListViewController.swift */ = {isa = PBXFileReference; lastKnownFileType = sourcecode.swift; path = ExploreListViewController.swift; sourceTree = "<group>"; };
		4AC56F2B27D9F1E600404704 /* ExploreListViewModel.swift */ = {isa = PBXFileReference; lastKnownFileType = sourcecode.swift; path = ExploreListViewModel.swift; sourceTree = "<group>"; };
		4AC56F2E27DA005D00404704 /* ExploreCell.swift */ = {isa = PBXFileReference; lastKnownFileType = sourcecode.swift; path = ExploreCell.swift; sourceTree = "<group>"; };
		4AC56F3027DA143000404704 /* ExploreCellViewModel.swift */ = {isa = PBXFileReference; lastKnownFileType = sourcecode.swift; path = ExploreCellViewModel.swift; sourceTree = "<group>"; };
		4AC56F3327DB042A00404704 /* LottieFilesAPIProvider.swift */ = {isa = PBXFileReference; lastKnownFileType = sourcecode.swift; path = LottieFilesAPIProvider.swift; sourceTree = "<group>"; };
		4AC56F3627DB240C00404704 /* FeaturedAnimationsResponse.swift */ = {isa = PBXFileReference; lastKnownFileType = sourcecode.swift; path = FeaturedAnimationsResponse.swift; sourceTree = "<group>"; };
		4AC56F3827DB24B400404704 /* FeaturedAnimationsResponseTests.swift */ = {isa = PBXFileReference; lastKnownFileType = sourcecode.swift; path = FeaturedAnimationsResponseTests.swift; sourceTree = "<group>"; };
		4AC56F3C27DB2E2D00404704 /* DataResponse.swift */ = {isa = PBXFileReference; lastKnownFileType = sourcecode.swift; path = DataResponse.swift; sourceTree = "<group>"; };
		4AC56F3E27DB2E4900404704 /* LottieResponse.swift */ = {isa = PBXFileReference; lastKnownFileType = sourcecode.swift; path = LottieResponse.swift; sourceTree = "<group>"; };
		4AC56F4227DB2FAB00404704 /* PopularAnimationsResponse.swift */ = {isa = PBXFileReference; lastKnownFileType = sourcecode.swift; path = PopularAnimationsResponse.swift; sourceTree = "<group>"; };
		4AC56F4427DB313600404704 /* PopularAnimationsResponseTests.swift */ = {isa = PBXFileReference; lastKnownFileType = sourcecode.swift; path = PopularAnimationsResponseTests.swift; sourceTree = "<group>"; };
		4AC56F4727DB339600404704 /* RecentAnimationsResponse.swift */ = {isa = PBXFileReference; lastKnownFileType = sourcecode.swift; path = RecentAnimationsResponse.swift; sourceTree = "<group>"; };
		4AC56F4927DB3A3500404704 /* RecentAnimationsResponseTests.swift */ = {isa = PBXFileReference; lastKnownFileType = sourcecode.swift; path = RecentAnimationsResponseTests.swift; sourceTree = "<group>"; };
		4AC56F4C27DB3CB300404704 /* FeaturedAnimatorsResponse.swift */ = {isa = PBXFileReference; lastKnownFileType = sourcecode.swift; path = FeaturedAnimatorsResponse.swift; sourceTree = "<group>"; };
		4AC56F4E27DB4F0800404704 /* FeaturedAnimatorsResponseTests.swift */ = {isa = PBXFileReference; lastKnownFileType = sourcecode.swift; path = FeaturedAnimatorsResponseTests.swift; sourceTree = "<group>"; };
		4AC56F5127DB503E00404704 /* BlogsResponse.swift */ = {isa = PBXFileReference; lastKnownFileType = sourcecode.swift; path = BlogsResponse.swift; sourceTree = "<group>"; };
		4AC56F5327DB57FF00404704 /* BlogsResponseTests.swift */ = {isa = PBXFileReference; lastKnownFileType = sourcecode.swift; path = BlogsResponseTests.swift; sourceTree = "<group>"; };
		4AC56F5527DB5F0E00404704 /* LottieResponseTests.swift */ = {isa = PBXFileReference; lastKnownFileType = sourcecode.swift; path = LottieResponseTests.swift; sourceTree = "<group>"; };
		4AC56F5827DC3F4E00404704 /* DateFormatter+Extensions.swift */ = {isa = PBXFileReference; lastKnownFileType = sourcecode.swift; path = "DateFormatter+Extensions.swift"; sourceTree = "<group>"; };
		4AC56F5A27DCFFD700404704 /* URL+Extensions.swift */ = {isa = PBXFileReference; lastKnownFileType = sourcecode.swift; path = "URL+Extensions.swift"; sourceTree = "<group>"; };
		4AC56F5D27DEE87C00404704 /* UIColor+Extensions.swift */ = {isa = PBXFileReference; lastKnownFileType = sourcecode.swift; path = "UIColor+Extensions.swift"; sourceTree = "<group>"; };
		4AFD81984C23B2E2DEFD0333 /* Pods-LottieFiles.debug.xcconfig */ = {isa = PBXFileReference; includeInIndex = 1; lastKnownFileType = text.xcconfig; name = "Pods-LottieFiles.debug.xcconfig"; path = "Target Support Files/Pods-LottieFiles/Pods-LottieFiles.debug.xcconfig"; sourceTree = "<group>"; };
		4F81C5E8E70AFA84ABF2C619 /* Pods-LottieFiles-LottieFilesUITests.release.xcconfig */ = {isa = PBXFileReference; includeInIndex = 1; lastKnownFileType = text.xcconfig; name = "Pods-LottieFiles-LottieFilesUITests.release.xcconfig"; path = "Target Support Files/Pods-LottieFiles-LottieFilesUITests/Pods-LottieFiles-LottieFilesUITests.release.xcconfig"; sourceTree = "<group>"; };
		68D671B5DB4869D2B1493390 /* Pods-LottieFilesTests.release.xcconfig */ = {isa = PBXFileReference; includeInIndex = 1; lastKnownFileType = text.xcconfig; name = "Pods-LottieFilesTests.release.xcconfig"; path = "Target Support Files/Pods-LottieFilesTests/Pods-LottieFilesTests.release.xcconfig"; sourceTree = "<group>"; };
		69A258D319871E2180A8BDD8 /* Pods-LottieFilesTests.debug.xcconfig */ = {isa = PBXFileReference; includeInIndex = 1; lastKnownFileType = text.xcconfig; name = "Pods-LottieFilesTests.debug.xcconfig"; path = "Target Support Files/Pods-LottieFilesTests/Pods-LottieFilesTests.debug.xcconfig"; sourceTree = "<group>"; };
		6D9D019EAE873454459B36E3 /* Pods_LottieFilesTests.framework */ = {isa = PBXFileReference; explicitFileType = wrapper.framework; includeInIndex = 0; path = Pods_LottieFilesTests.framework; sourceTree = BUILT_PRODUCTS_DIR; };
		DB6F22F0CF91474A3AABFEC1 /* Pods-LottieFiles-LottieFilesUITests.debug.xcconfig */ = {isa = PBXFileReference; includeInIndex = 1; lastKnownFileType = text.xcconfig; name = "Pods-LottieFiles-LottieFilesUITests.debug.xcconfig"; path = "Target Support Files/Pods-LottieFiles-LottieFilesUITests/Pods-LottieFiles-LottieFilesUITests.debug.xcconfig"; sourceTree = "<group>"; };
		EA124F214DE2056E28D80980 /* Pods_LottieFiles_LottieFilesUITests.framework */ = {isa = PBXFileReference; explicitFileType = wrapper.framework; includeInIndex = 0; path = Pods_LottieFiles_LottieFilesUITests.framework; sourceTree = BUILT_PRODUCTS_DIR; };
		F9F7E7EC19FB0935DE2583DD /* Pods_LottieFiles.framework */ = {isa = PBXFileReference; explicitFileType = wrapper.framework; includeInIndex = 0; path = Pods_LottieFiles.framework; sourceTree = BUILT_PRODUCTS_DIR; };
/* End PBXFileReference section */

/* Begin PBXFrameworksBuildPhase section */
		4AABF7A727D70F550066136A /* Frameworks */ = {
			isa = PBXFrameworksBuildPhase;
			buildActionMask = 2147483647;
			files = (
				E4A98485EFEBD9EB2C88DF7A /* Pods_LottieFiles.framework in Frameworks */,
			);
			runOnlyForDeploymentPostprocessing = 0;
		};
		4AABF7BD27D70F590066136A /* Frameworks */ = {
			isa = PBXFrameworksBuildPhase;
			buildActionMask = 2147483647;
			files = (
				5F9F0422E626BC38B8EF0297 /* Pods_LottieFilesTests.framework in Frameworks */,
			);
			runOnlyForDeploymentPostprocessing = 0;
		};
		4AABF7C727D70F5A0066136A /* Frameworks */ = {
			isa = PBXFrameworksBuildPhase;
			buildActionMask = 2147483647;
			files = (
				871BD47B7DE8FA467EFC6F27 /* Pods_LottieFiles_LottieFilesUITests.framework in Frameworks */,
			);
			runOnlyForDeploymentPostprocessing = 0;
		};
/* End PBXFrameworksBuildPhase section */

/* Begin PBXGroup section */
		4A31C90327D7840100450865 /* Scenes */ = {
			isa = PBXGroup;
			children = (
				4A31C90427D7840800450865 /* TabBar */,
				4AC56F0427D868F200404704 /* Home */,
				4AC56F0927D869C900404704 /* Explore */,
				4AC56F2827D9F16F00404704 /* ExploreList */,
				4AC56F0E27D86A3100404704 /* Profile */,
			);
			path = Scenes;
			sourceTree = "<group>";
		};
		4A31C90427D7840800450865 /* TabBar */ = {
			isa = PBXGroup;
			children = (
				4A31C90527D784DE00450865 /* TabBarViewController.swift */,
			);
			path = TabBar;
			sourceTree = "<group>";
		};
		4AABF7A127D70F540066136A = {
			isa = PBXGroup;
			children = (
				4AABF7AC27D70F550066136A /* LottieFiles */,
				4AABF7C327D70F5A0066136A /* LottieFilesTests */,
				4AABF7CD27D70F5A0066136A /* LottieFilesUITests */,
				4AABF7AB27D70F550066136A /* Products */,
				FC0194C6D78E6373C476C01C /* Pods */,
				C0F0B9B3BB0A1EC4D1AF1774 /* Frameworks */,
			);
			sourceTree = "<group>";
		};
		4AABF7AB27D70F550066136A /* Products */ = {
			isa = PBXGroup;
			children = (
				4AABF7AA27D70F550066136A /* LottieFiles.app */,
				4AABF7C027D70F590066136A /* LottieFilesTests.xctest */,
				4AABF7CA27D70F5A0066136A /* LottieFilesUITests.xctest */,
			);
			name = Products;
			sourceTree = "<group>";
		};
		4AABF7AC27D70F550066136A /* LottieFiles */ = {
			isa = PBXGroup;
			children = (
				4A31C90327D7840100450865 /* Scenes */,
				4AC56F3227DB03E300404704 /* Providers */,
				4AC56F5C27DECF5000404704 /* Models */,
				4AC56F5727DC3F2500404704 /* Extensions */,
				4AABF7AD27D70F550066136A /* AppDelegate.swift */,
				4AABF7AF27D70F550066136A /* SceneDelegate.swift */,
				4AABF7B627D70F590066136A /* Assets.xcassets */,
				4AABF7B827D70F590066136A /* LaunchScreen.storyboard */,
				4AABF7BB27D70F590066136A /* Info.plist */,
			);
			path = LottieFiles;
			sourceTree = "<group>";
		};
		4AABF7C327D70F5A0066136A /* LottieFilesTests */ = {
			isa = PBXGroup;
			children = (
				4AABF7C427D70F5A0066136A /* LottieFilesTests.swift */,
			);
			path = LottieFilesTests;
			sourceTree = "<group>";
		};
		4AABF7CD27D70F5A0066136A /* LottieFilesUITests */ = {
			isa = PBXGroup;
			children = (
				4AABF7CE27D70F5A0066136A /* LottieFilesUITests.swift */,
				4AABF7D027D70F5A0066136A /* LottieFilesUITestsLaunchTests.swift */,
			);
			path = LottieFilesUITests;
			sourceTree = "<group>";
		};
		4AC56F0427D868F200404704 /* Home */ = {
			isa = PBXGroup;
			children = (
				4AC56F1327D8868400404704 /* Cells */,
				4AC56F0727D8697400404704 /* HomeViewModel.swift */,
				4AC56F0527D8690C00404704 /* HomeViewController.swift */,
			);
			path = Home;
			sourceTree = "<group>";
		};
		4AC56F0927D869C900404704 /* Explore */ = {
			isa = PBXGroup;
			children = (
				4AC56F0C27D86A0000404704 /* ExploreViewModel.swift */,
				4AC56F0A27D869DA00404704 /* ExploreViewController.swift */,
			);
			path = Explore;
			sourceTree = "<group>";
		};
		4AC56F0E27D86A3100404704 /* Profile */ = {
			isa = PBXGroup;
			children = (
				4AC56F0F27D86A4400404704 /* ProfileViewModel.swift */,
				4AC56F1127D86A5500404704 /* ProfileViewController.swift */,
			);
			path = Profile;
			sourceTree = "<group>";
		};
		4AC56F1327D8868400404704 /* Cells */ = {
			isa = PBXGroup;
			children = (
				4AC56F2027D8DEC300404704 /* SectionHeader */,
				4AC56F1627D8895900404704 /* HomeLogin */,
				4AC56F1727D89EAA00404704 /* HomeFeatured */,
				4AC56F1A27D8A6BE00404704 /* HomePeople */,
				4AC56F1D27D8B26000404704 /* HomeBlog */,
			);
			path = Cells;
			sourceTree = "<group>";
		};
		4AC56F1627D8895900404704 /* HomeLogin */ = {
			isa = PBXGroup;
			children = (
				4AC56F1427D886AB00404704 /* HomeLoginCell.swift */,
			);
			path = HomeLogin;
			sourceTree = "<group>";
		};
		4AC56F1727D89EAA00404704 /* HomeFeatured */ = {
			isa = PBXGroup;
			children = (
				4AC56F1827D89EC500404704 /* HomeFeaturedCell.swift */,
			);
			path = HomeFeatured;
			sourceTree = "<group>";
		};
		4AC56F1A27D8A6BE00404704 /* HomePeople */ = {
			isa = PBXGroup;
			children = (
				4AC56F1B27D8A84C00404704 /* HomePeopleCell.swift */,
			);
			path = HomePeople;
			sourceTree = "<group>";
		};
		4AC56F1D27D8B26000404704 /* HomeBlog */ = {
			isa = PBXGroup;
			children = (
				4AC56F1E27D8B27200404704 /* HomeBlogCell.swift */,
			);
			path = HomeBlog;
			sourceTree = "<group>";
		};
		4AC56F2027D8DEC300404704 /* SectionHeader */ = {
			isa = PBXGroup;
			children = (
				4AC56F2127D8DEEF00404704 /* HomeSectionHeader.swift */,
			);
			path = SectionHeader;
			sourceTree = "<group>";
		};
		4AC56F2827D9F16F00404704 /* ExploreList */ = {
			isa = PBXGroup;
			children = (
				4AC56F2D27D9FFDD00404704 /* Cells */,
				4AC56F2B27D9F1E600404704 /* ExploreListViewModel.swift */,
				4AC56F2927D9F1A400404704 /* ExploreListViewController.swift */,
			);
			path = ExploreList;
			sourceTree = "<group>";
		};
		4AC56F2D27D9FFDD00404704 /* Cells */ = {
			isa = PBXGroup;
			children = (
				4AC56F3027DA143000404704 /* ExploreCellViewModel.swift */,
				4AC56F2E27DA005D00404704 /* ExploreCell.swift */,
			);
			path = Cells;
			sourceTree = "<group>";
		};
		4AC56F3227DB03E300404704 /* Providers */ = {
			isa = PBXGroup;
			children = (
				4AC56F3527DB23F000404704 /* Responses */,
				4AC56F3327DB042A00404704 /* LottieFilesAPIProvider.swift */,
			);
			path = Providers;
			sourceTree = "<group>";
		};
		4AC56F3527DB23F000404704 /* Responses */ = {
			isa = PBXGroup;
			children = (
				4AC56F3B27DB2E1100404704 /* DataResponse */,
				4AC56F4027DB2E4E00404704 /* LottieResponse */,
				4AC56F3A27DB24BA00404704 /* FeaturedAnimationsResponse */,
				4AC56F4127DB2F8E00404704 /* PopularAnimationsResponse */,
				4AC56F4627DB337F00404704 /* RecentAnimationsResponse */,
				4AC56F4B27DB3C9A00404704 /* FeaturedAnimatorsResponse */,
				4AC56F5027DB502E00404704 /* BlogsResponse */,
			);
			path = Responses;
			sourceTree = "<group>";
		};
		4AC56F3A27DB24BA00404704 /* FeaturedAnimationsResponse */ = {
			isa = PBXGroup;
			children = (
				4AC56F3627DB240C00404704 /* FeaturedAnimationsResponse.swift */,
				4AC56F3827DB24B400404704 /* FeaturedAnimationsResponseTests.swift */,
			);
			path = FeaturedAnimationsResponse;
			sourceTree = "<group>";
		};
		4AC56F3B27DB2E1100404704 /* DataResponse */ = {
			isa = PBXGroup;
			children = (
				4AC56F3C27DB2E2D00404704 /* DataResponse.swift */,
			);
			path = DataResponse;
			sourceTree = "<group>";
		};
		4AC56F4027DB2E4E00404704 /* LottieResponse */ = {
			isa = PBXGroup;
			children = (
				4AC56F3E27DB2E4900404704 /* LottieResponse.swift */,
				4AC56F5527DB5F0E00404704 /* LottieResponseTests.swift */,
			);
			path = LottieResponse;
			sourceTree = "<group>";
		};
		4AC56F4127DB2F8E00404704 /* PopularAnimationsResponse */ = {
			isa = PBXGroup;
			children = (
				4AC56F4227DB2FAB00404704 /* PopularAnimationsResponse.swift */,
				4AC56F4427DB313600404704 /* PopularAnimationsResponseTests.swift */,
			);
			path = PopularAnimationsResponse;
			sourceTree = "<group>";
		};
		4AC56F4627DB337F00404704 /* RecentAnimationsResponse */ = {
			isa = PBXGroup;
			children = (
				4AC56F4727DB339600404704 /* RecentAnimationsResponse.swift */,
				4AC56F4927DB3A3500404704 /* RecentAnimationsResponseTests.swift */,
			);
			path = RecentAnimationsResponse;
			sourceTree = "<group>";
		};
		4AC56F4B27DB3C9A00404704 /* FeaturedAnimatorsResponse */ = {
			isa = PBXGroup;
			children = (
				4AC56F4C27DB3CB300404704 /* FeaturedAnimatorsResponse.swift */,
				4AC56F4E27DB4F0800404704 /* FeaturedAnimatorsResponseTests.swift */,
			);
			path = FeaturedAnimatorsResponse;
			sourceTree = "<group>";
		};
		4AC56F5027DB502E00404704 /* BlogsResponse */ = {
			isa = PBXGroup;
			children = (
				4AC56F5127DB503E00404704 /* BlogsResponse.swift */,
				4AC56F5327DB57FF00404704 /* BlogsResponseTests.swift */,
			);
			path = BlogsResponse;
			sourceTree = "<group>";
		};
		4AC56F5727DC3F2500404704 /* Extensions */ = {
			isa = PBXGroup;
			children = (
				4AC56F5827DC3F4E00404704 /* DateFormatter+Extensions.swift */,
				4AC56F5A27DCFFD700404704 /* URL+Extensions.swift */,
				4AC56F5D27DEE87C00404704 /* UIColor+Extensions.swift */,
			);
			path = Extensions;
			sourceTree = "<group>";
		};
		4AC56F5C27DECF5000404704 /* Models */ = {
			isa = PBXGroup;
			children = (
			);
			path = Models;
			sourceTree = "<group>";
		};
		C0F0B9B3BB0A1EC4D1AF1774 /* Frameworks */ = {
			isa = PBXGroup;
			children = (
				F9F7E7EC19FB0935DE2583DD /* Pods_LottieFiles.framework */,
				EA124F214DE2056E28D80980 /* Pods_LottieFiles_LottieFilesUITests.framework */,
				6D9D019EAE873454459B36E3 /* Pods_LottieFilesTests.framework */,
			);
			name = Frameworks;
			sourceTree = "<group>";
		};
		FC0194C6D78E6373C476C01C /* Pods */ = {
			isa = PBXGroup;
			children = (
				4AFD81984C23B2E2DEFD0333 /* Pods-LottieFiles.debug.xcconfig */,
				3900F028799A2FD678C05A3A /* Pods-LottieFiles.release.xcconfig */,
				DB6F22F0CF91474A3AABFEC1 /* Pods-LottieFiles-LottieFilesUITests.debug.xcconfig */,
				4F81C5E8E70AFA84ABF2C619 /* Pods-LottieFiles-LottieFilesUITests.release.xcconfig */,
				69A258D319871E2180A8BDD8 /* Pods-LottieFilesTests.debug.xcconfig */,
				68D671B5DB4869D2B1493390 /* Pods-LottieFilesTests.release.xcconfig */,
			);
			path = Pods;
			sourceTree = "<group>";
		};
/* End PBXGroup section */

/* Begin PBXNativeTarget section */
		4AABF7A927D70F550066136A /* LottieFiles */ = {
			isa = PBXNativeTarget;
			buildConfigurationList = 4AABF7D427D70F5A0066136A /* Build configuration list for PBXNativeTarget "LottieFiles" */;
			buildPhases = (
				A73EA422B49E797FE108BF75 /* [CP] Check Pods Manifest.lock */,
				4AABF7A627D70F550066136A /* Sources */,
				4AABF7A727D70F550066136A /* Frameworks */,
				4AABF7A827D70F550066136A /* Resources */,
				17CF03F179040D3B7083650C /* [CP] Embed Pods Frameworks */,
			);
			buildRules = (
			);
			dependencies = (
			);
			name = LottieFiles;
			productName = LottieFiles;
			productReference = 4AABF7AA27D70F550066136A /* LottieFiles.app */;
			productType = "com.apple.product-type.application";
		};
		4AABF7BF27D70F590066136A /* LottieFilesTests */ = {
			isa = PBXNativeTarget;
			buildConfigurationList = 4AABF7D727D70F5A0066136A /* Build configuration list for PBXNativeTarget "LottieFilesTests" */;
			buildPhases = (
				326F16E6ACD15B310F81E782 /* [CP] Check Pods Manifest.lock */,
				4AABF7BC27D70F590066136A /* Sources */,
				4AABF7BD27D70F590066136A /* Frameworks */,
				4AABF7BE27D70F590066136A /* Resources */,
			);
			buildRules = (
			);
			dependencies = (
				4AABF7C227D70F590066136A /* PBXTargetDependency */,
			);
			name = LottieFilesTests;
			productName = LottieFilesTests;
			productReference = 4AABF7C027D70F590066136A /* LottieFilesTests.xctest */;
			productType = "com.apple.product-type.bundle.unit-test";
		};
		4AABF7C927D70F5A0066136A /* LottieFilesUITests */ = {
			isa = PBXNativeTarget;
			buildConfigurationList = 4AABF7DA27D70F5A0066136A /* Build configuration list for PBXNativeTarget "LottieFilesUITests" */;
			buildPhases = (
				5859EDFFE33D5FFF35BBAB4B /* [CP] Check Pods Manifest.lock */,
				4AABF7C627D70F5A0066136A /* Sources */,
				4AABF7C727D70F5A0066136A /* Frameworks */,
				4AABF7C827D70F5A0066136A /* Resources */,
				2205A66232CA9DB0C8DC8FB6 /* [CP] Embed Pods Frameworks */,
			);
			buildRules = (
			);
			dependencies = (
				4AABF7CC27D70F5A0066136A /* PBXTargetDependency */,
			);
			name = LottieFilesUITests;
			productName = LottieFilesUITests;
			productReference = 4AABF7CA27D70F5A0066136A /* LottieFilesUITests.xctest */;
			productType = "com.apple.product-type.bundle.ui-testing";
		};
/* End PBXNativeTarget section */

/* Begin PBXProject section */
		4AABF7A227D70F540066136A /* Project object */ = {
			isa = PBXProject;
			attributes = {
				BuildIndependentTargetsInParallel = 1;
				LastSwiftUpdateCheck = 1300;
				LastUpgradeCheck = 1300;
				TargetAttributes = {
					4AABF7A927D70F550066136A = {
						CreatedOnToolsVersion = 13.0;
					};
					4AABF7BF27D70F590066136A = {
						CreatedOnToolsVersion = 13.0;
						TestTargetID = 4AABF7A927D70F550066136A;
					};
					4AABF7C927D70F5A0066136A = {
						CreatedOnToolsVersion = 13.0;
						TestTargetID = 4AABF7A927D70F550066136A;
					};
				};
			};
			buildConfigurationList = 4AABF7A527D70F550066136A /* Build configuration list for PBXProject "LottieFiles" */;
			compatibilityVersion = "Xcode 13.0";
			developmentRegion = en;
			hasScannedForEncodings = 0;
			knownRegions = (
				en,
				Base,
			);
			mainGroup = 4AABF7A127D70F540066136A;
			productRefGroup = 4AABF7AB27D70F550066136A /* Products */;
			projectDirPath = "";
			projectRoot = "";
			targets = (
				4AABF7A927D70F550066136A /* LottieFiles */,
				4AABF7BF27D70F590066136A /* LottieFilesTests */,
				4AABF7C927D70F5A0066136A /* LottieFilesUITests */,
			);
		};
/* End PBXProject section */

/* Begin PBXResourcesBuildPhase section */
		4AABF7A827D70F550066136A /* Resources */ = {
			isa = PBXResourcesBuildPhase;
			buildActionMask = 2147483647;
			files = (
				4AABF7BA27D70F590066136A /* LaunchScreen.storyboard in Resources */,
				4AABF7B727D70F590066136A /* Assets.xcassets in Resources */,
			);
			runOnlyForDeploymentPostprocessing = 0;
		};
		4AABF7BE27D70F590066136A /* Resources */ = {
			isa = PBXResourcesBuildPhase;
			buildActionMask = 2147483647;
			files = (
			);
			runOnlyForDeploymentPostprocessing = 0;
		};
		4AABF7C827D70F5A0066136A /* Resources */ = {
			isa = PBXResourcesBuildPhase;
			buildActionMask = 2147483647;
			files = (
			);
			runOnlyForDeploymentPostprocessing = 0;
		};
/* End PBXResourcesBuildPhase section */

/* Begin PBXShellScriptBuildPhase section */
		17CF03F179040D3B7083650C /* [CP] Embed Pods Frameworks */ = {
			isa = PBXShellScriptBuildPhase;
			buildActionMask = 2147483647;
			files = (
			);
			inputFileListPaths = (
				"${PODS_ROOT}/Target Support Files/Pods-LottieFiles/Pods-LottieFiles-frameworks-${CONFIGURATION}-input-files.xcfilelist",
			);
			name = "[CP] Embed Pods Frameworks";
			outputFileListPaths = (
				"${PODS_ROOT}/Target Support Files/Pods-LottieFiles/Pods-LottieFiles-frameworks-${CONFIGURATION}-output-files.xcfilelist",
			);
			runOnlyForDeploymentPostprocessing = 0;
			shellPath = /bin/sh;
			shellScript = "\"${PODS_ROOT}/Target Support Files/Pods-LottieFiles/Pods-LottieFiles-frameworks.sh\"\n";
			showEnvVarsInLog = 0;
		};
		2205A66232CA9DB0C8DC8FB6 /* [CP] Embed Pods Frameworks */ = {
			isa = PBXShellScriptBuildPhase;
			buildActionMask = 2147483647;
			files = (
			);
			inputFileListPaths = (
				"${PODS_ROOT}/Target Support Files/Pods-LottieFiles-LottieFilesUITests/Pods-LottieFiles-LottieFilesUITests-frameworks-${CONFIGURATION}-input-files.xcfilelist",
			);
			name = "[CP] Embed Pods Frameworks";
			outputFileListPaths = (
				"${PODS_ROOT}/Target Support Files/Pods-LottieFiles-LottieFilesUITests/Pods-LottieFiles-LottieFilesUITests-frameworks-${CONFIGURATION}-output-files.xcfilelist",
			);
			runOnlyForDeploymentPostprocessing = 0;
			shellPath = /bin/sh;
			shellScript = "\"${PODS_ROOT}/Target Support Files/Pods-LottieFiles-LottieFilesUITests/Pods-LottieFiles-LottieFilesUITests-frameworks.sh\"\n";
			showEnvVarsInLog = 0;
		};
		326F16E6ACD15B310F81E782 /* [CP] Check Pods Manifest.lock */ = {
			isa = PBXShellScriptBuildPhase;
			buildActionMask = 2147483647;
			files = (
			);
			inputFileListPaths = (
			);
			inputPaths = (
				"${PODS_PODFILE_DIR_PATH}/Podfile.lock",
				"${PODS_ROOT}/Manifest.lock",
			);
			name = "[CP] Check Pods Manifest.lock";
			outputFileListPaths = (
			);
			outputPaths = (
				"$(DERIVED_FILE_DIR)/Pods-LottieFilesTests-checkManifestLockResult.txt",
			);
			runOnlyForDeploymentPostprocessing = 0;
			shellPath = /bin/sh;
			shellScript = "diff \"${PODS_PODFILE_DIR_PATH}/Podfile.lock\" \"${PODS_ROOT}/Manifest.lock\" > /dev/null\nif [ $? != 0 ] ; then\n    # print error to STDERR\n    echo \"error: The sandbox is not in sync with the Podfile.lock. Run 'pod install' or update your CocoaPods installation.\" >&2\n    exit 1\nfi\n# This output is used by Xcode 'outputs' to avoid re-running this script phase.\necho \"SUCCESS\" > \"${SCRIPT_OUTPUT_FILE_0}\"\n";
			showEnvVarsInLog = 0;
		};
		5859EDFFE33D5FFF35BBAB4B /* [CP] Check Pods Manifest.lock */ = {
			isa = PBXShellScriptBuildPhase;
			buildActionMask = 2147483647;
			files = (
			);
			inputFileListPaths = (
			);
			inputPaths = (
				"${PODS_PODFILE_DIR_PATH}/Podfile.lock",
				"${PODS_ROOT}/Manifest.lock",
			);
			name = "[CP] Check Pods Manifest.lock";
			outputFileListPaths = (
			);
			outputPaths = (
				"$(DERIVED_FILE_DIR)/Pods-LottieFiles-LottieFilesUITests-checkManifestLockResult.txt",
			);
			runOnlyForDeploymentPostprocessing = 0;
			shellPath = /bin/sh;
			shellScript = "diff \"${PODS_PODFILE_DIR_PATH}/Podfile.lock\" \"${PODS_ROOT}/Manifest.lock\" > /dev/null\nif [ $? != 0 ] ; then\n    # print error to STDERR\n    echo \"error: The sandbox is not in sync with the Podfile.lock. Run 'pod install' or update your CocoaPods installation.\" >&2\n    exit 1\nfi\n# This output is used by Xcode 'outputs' to avoid re-running this script phase.\necho \"SUCCESS\" > \"${SCRIPT_OUTPUT_FILE_0}\"\n";
			showEnvVarsInLog = 0;
		};
		A73EA422B49E797FE108BF75 /* [CP] Check Pods Manifest.lock */ = {
			isa = PBXShellScriptBuildPhase;
			buildActionMask = 2147483647;
			files = (
			);
			inputFileListPaths = (
			);
			inputPaths = (
				"${PODS_PODFILE_DIR_PATH}/Podfile.lock",
				"${PODS_ROOT}/Manifest.lock",
			);
			name = "[CP] Check Pods Manifest.lock";
			outputFileListPaths = (
			);
			outputPaths = (
				"$(DERIVED_FILE_DIR)/Pods-LottieFiles-checkManifestLockResult.txt",
			);
			runOnlyForDeploymentPostprocessing = 0;
			shellPath = /bin/sh;
			shellScript = "diff \"${PODS_PODFILE_DIR_PATH}/Podfile.lock\" \"${PODS_ROOT}/Manifest.lock\" > /dev/null\nif [ $? != 0 ] ; then\n    # print error to STDERR\n    echo \"error: The sandbox is not in sync with the Podfile.lock. Run 'pod install' or update your CocoaPods installation.\" >&2\n    exit 1\nfi\n# This output is used by Xcode 'outputs' to avoid re-running this script phase.\necho \"SUCCESS\" > \"${SCRIPT_OUTPUT_FILE_0}\"\n";
			showEnvVarsInLog = 0;
		};
/* End PBXShellScriptBuildPhase section */

/* Begin PBXSourcesBuildPhase section */
		4AABF7A627D70F550066136A /* Sources */ = {
			isa = PBXSourcesBuildPhase;
			buildActionMask = 2147483647;
			files = (
				4AC56F3127DA143000404704 /* ExploreCellViewModel.swift in Sources */,
				4AC56F5B27DCFFD700404704 /* URL+Extensions.swift in Sources */,
				4AC56F4D27DB3CB300404704 /* FeaturedAnimatorsResponse.swift in Sources */,
				4AC56F0627D8690C00404704 /* HomeViewController.swift in Sources */,
				4AC56F0827D8697400404704 /* HomeViewModel.swift in Sources */,
				4AC56F2F27DA005D00404704 /* ExploreCell.swift in Sources */,
				4AC56F5E27DEE87D00404704 /* UIColor+Extensions.swift in Sources */,
				4AC56F1527D886AB00404704 /* HomeLoginCell.swift in Sources */,
				4AC56F1227D86A5500404704 /* ProfileViewController.swift in Sources */,
				4A31C90627D784DE00450865 /* TabBarViewController.swift in Sources */,
				4AC56F4327DB2FAB00404704 /* PopularAnimationsResponse.swift in Sources */,
				4AC56F3F27DB2E4900404704 /* LottieResponse.swift in Sources */,
				4AC56F3427DB042A00404704 /* LottieFilesAPIProvider.swift in Sources */,
				4AC56F1C27D8A84C00404704 /* HomePeopleCell.swift in Sources */,
				4AC56F1F27D8B27200404704 /* HomeBlogCell.swift in Sources */,
				4AC56F3D27DB2E2D00404704 /* DataResponse.swift in Sources */,
				4AC56F1027D86A4400404704 /* ProfileViewModel.swift in Sources */,
				4AC56F0D27D86A0000404704 /* ExploreViewModel.swift in Sources */,
				4AC56F1927D89EC500404704 /* HomeFeaturedCell.swift in Sources */,
				4AC56F5927DC3F4E00404704 /* DateFormatter+Extensions.swift in Sources */,
				4AC56F2A27D9F1A400404704 /* ExploreListViewController.swift in Sources */,
				4AABF7AE27D70F550066136A /* AppDelegate.swift in Sources */,
				4AC56F2C27D9F1E600404704 /* ExploreListViewModel.swift in Sources */,
				4AC56F0B27D869DA00404704 /* ExploreViewController.swift in Sources */,
				4AC56F4827DB339600404704 /* RecentAnimationsResponse.swift in Sources */,
				4AABF7B027D70F550066136A /* SceneDelegate.swift in Sources */,
				4AC56F3727DB240C00404704 /* FeaturedAnimationsResponse.swift in Sources */,
				4AC56F5227DB503F00404704 /* BlogsResponse.swift in Sources */,
				4AC56F2227D8DEEF00404704 /* HomeSectionHeader.swift in Sources */,
			);
			runOnlyForDeploymentPostprocessing = 0;
		};
		4AABF7BC27D70F590066136A /* Sources */ = {
			isa = PBXSourcesBuildPhase;
			buildActionMask = 2147483647;
			files = (
				4AC56F5427DB57FF00404704 /* BlogsResponseTests.swift in Sources */,
				4AC56F4A27DB3A3500404704 /* RecentAnimationsResponseTests.swift in Sources */,
				4AABF7C527D70F5A0066136A /* LottieFilesTests.swift in Sources */,
				4AC56F3927DB24B500404704 /* FeaturedAnimationsResponseTests.swift in Sources */,
				4AC56F5627DB5F0E00404704 /* LottieResponseTests.swift in Sources */,
				4AC56F4F27DB4F0800404704 /* FeaturedAnimatorsResponseTests.swift in Sources */,
				4AC56F4527DB313600404704 /* PopularAnimationsResponseTests.swift in Sources */,
			);
			runOnlyForDeploymentPostprocessing = 0;
		};
		4AABF7C627D70F5A0066136A /* Sources */ = {
			isa = PBXSourcesBuildPhase;
			buildActionMask = 2147483647;
			files = (
				4AABF7CF27D70F5A0066136A /* LottieFilesUITests.swift in Sources */,
				4AABF7D127D70F5A0066136A /* LottieFilesUITestsLaunchTests.swift in Sources */,
			);
			runOnlyForDeploymentPostprocessing = 0;
		};
/* End PBXSourcesBuildPhase section */

/* Begin PBXTargetDependency section */
		4AABF7C227D70F590066136A /* PBXTargetDependency */ = {
			isa = PBXTargetDependency;
			target = 4AABF7A927D70F550066136A /* LottieFiles */;
			targetProxy = 4AABF7C127D70F590066136A /* PBXContainerItemProxy */;
		};
		4AABF7CC27D70F5A0066136A /* PBXTargetDependency */ = {
			isa = PBXTargetDependency;
			target = 4AABF7A927D70F550066136A /* LottieFiles */;
			targetProxy = 4AABF7CB27D70F5A0066136A /* PBXContainerItemProxy */;
		};
/* End PBXTargetDependency section */

/* Begin PBXVariantGroup section */
		4AABF7B827D70F590066136A /* LaunchScreen.storyboard */ = {
			isa = PBXVariantGroup;
			children = (
				4AABF7B927D70F590066136A /* Base */,
			);
			name = LaunchScreen.storyboard;
			sourceTree = "<group>";
		};
/* End PBXVariantGroup section */

/* Begin XCBuildConfiguration section */
		4AABF7D227D70F5A0066136A /* Debug */ = {
			isa = XCBuildConfiguration;
			buildSettings = {
				ALWAYS_SEARCH_USER_PATHS = NO;
				CLANG_ANALYZER_NONNULL = YES;
				CLANG_ANALYZER_NUMBER_OBJECT_CONVERSION = YES_AGGRESSIVE;
				CLANG_CXX_LANGUAGE_STANDARD = "gnu++17";
				CLANG_CXX_LIBRARY = "libc++";
				CLANG_ENABLE_MODULES = YES;
				CLANG_ENABLE_OBJC_ARC = YES;
				CLANG_ENABLE_OBJC_WEAK = YES;
				CLANG_WARN_BLOCK_CAPTURE_AUTORELEASING = YES;
				CLANG_WARN_BOOL_CONVERSION = YES;
				CLANG_WARN_COMMA = YES;
				CLANG_WARN_CONSTANT_CONVERSION = YES;
				CLANG_WARN_DEPRECATED_OBJC_IMPLEMENTATIONS = YES;
				CLANG_WARN_DIRECT_OBJC_ISA_USAGE = YES_ERROR;
				CLANG_WARN_DOCUMENTATION_COMMENTS = YES;
				CLANG_WARN_EMPTY_BODY = YES;
				CLANG_WARN_ENUM_CONVERSION = YES;
				CLANG_WARN_INFINITE_RECURSION = YES;
				CLANG_WARN_INT_CONVERSION = YES;
				CLANG_WARN_NON_LITERAL_NULL_CONVERSION = YES;
				CLANG_WARN_OBJC_IMPLICIT_RETAIN_SELF = YES;
				CLANG_WARN_OBJC_LITERAL_CONVERSION = YES;
				CLANG_WARN_OBJC_ROOT_CLASS = YES_ERROR;
				CLANG_WARN_QUOTED_INCLUDE_IN_FRAMEWORK_HEADER = YES;
				CLANG_WARN_RANGE_LOOP_ANALYSIS = YES;
				CLANG_WARN_STRICT_PROTOTYPES = YES;
				CLANG_WARN_SUSPICIOUS_MOVE = YES;
				CLANG_WARN_UNGUARDED_AVAILABILITY = YES_AGGRESSIVE;
				CLANG_WARN_UNREACHABLE_CODE = YES;
				CLANG_WARN__DUPLICATE_METHOD_MATCH = YES;
				COPY_PHASE_STRIP = NO;
				DEBUG_INFORMATION_FORMAT = dwarf;
				ENABLE_STRICT_OBJC_MSGSEND = YES;
				ENABLE_TESTABILITY = YES;
				GCC_C_LANGUAGE_STANDARD = gnu11;
				GCC_DYNAMIC_NO_PIC = NO;
				GCC_NO_COMMON_BLOCKS = YES;
				GCC_OPTIMIZATION_LEVEL = 0;
				GCC_PREPROCESSOR_DEFINITIONS = (
					"DEBUG=1",
					"$(inherited)",
				);
				GCC_WARN_64_TO_32_BIT_CONVERSION = YES;
				GCC_WARN_ABOUT_RETURN_TYPE = YES_ERROR;
				GCC_WARN_UNDECLARED_SELECTOR = YES;
				GCC_WARN_UNINITIALIZED_AUTOS = YES_AGGRESSIVE;
				GCC_WARN_UNUSED_FUNCTION = YES;
				GCC_WARN_UNUSED_VARIABLE = YES;
				IPHONEOS_DEPLOYMENT_TARGET = 15.0;
				MTL_ENABLE_DEBUG_INFO = INCLUDE_SOURCE;
				MTL_FAST_MATH = YES;
				ONLY_ACTIVE_ARCH = YES;
				SDKROOT = iphoneos;
				SWIFT_ACTIVE_COMPILATION_CONDITIONS = DEBUG;
				SWIFT_OPTIMIZATION_LEVEL = "-Onone";
			};
			name = Debug;
		};
		4AABF7D327D70F5A0066136A /* Release */ = {
			isa = XCBuildConfiguration;
			buildSettings = {
				ALWAYS_SEARCH_USER_PATHS = NO;
				CLANG_ANALYZER_NONNULL = YES;
				CLANG_ANALYZER_NUMBER_OBJECT_CONVERSION = YES_AGGRESSIVE;
				CLANG_CXX_LANGUAGE_STANDARD = "gnu++17";
				CLANG_CXX_LIBRARY = "libc++";
				CLANG_ENABLE_MODULES = YES;
				CLANG_ENABLE_OBJC_ARC = YES;
				CLANG_ENABLE_OBJC_WEAK = YES;
				CLANG_WARN_BLOCK_CAPTURE_AUTORELEASING = YES;
				CLANG_WARN_BOOL_CONVERSION = YES;
				CLANG_WARN_COMMA = YES;
				CLANG_WARN_CONSTANT_CONVERSION = YES;
				CLANG_WARN_DEPRECATED_OBJC_IMPLEMENTATIONS = YES;
				CLANG_WARN_DIRECT_OBJC_ISA_USAGE = YES_ERROR;
				CLANG_WARN_DOCUMENTATION_COMMENTS = YES;
				CLANG_WARN_EMPTY_BODY = YES;
				CLANG_WARN_ENUM_CONVERSION = YES;
				CLANG_WARN_INFINITE_RECURSION = YES;
				CLANG_WARN_INT_CONVERSION = YES;
				CLANG_WARN_NON_LITERAL_NULL_CONVERSION = YES;
				CLANG_WARN_OBJC_IMPLICIT_RETAIN_SELF = YES;
				CLANG_WARN_OBJC_LITERAL_CONVERSION = YES;
				CLANG_WARN_OBJC_ROOT_CLASS = YES_ERROR;
				CLANG_WARN_QUOTED_INCLUDE_IN_FRAMEWORK_HEADER = YES;
				CLANG_WARN_RANGE_LOOP_ANALYSIS = YES;
				CLANG_WARN_STRICT_PROTOTYPES = YES;
				CLANG_WARN_SUSPICIOUS_MOVE = YES;
				CLANG_WARN_UNGUARDED_AVAILABILITY = YES_AGGRESSIVE;
				CLANG_WARN_UNREACHABLE_CODE = YES;
				CLANG_WARN__DUPLICATE_METHOD_MATCH = YES;
				COPY_PHASE_STRIP = NO;
				DEBUG_INFORMATION_FORMAT = "dwarf-with-dsym";
				ENABLE_NS_ASSERTIONS = NO;
				ENABLE_STRICT_OBJC_MSGSEND = YES;
				GCC_C_LANGUAGE_STANDARD = gnu11;
				GCC_NO_COMMON_BLOCKS = YES;
				GCC_WARN_64_TO_32_BIT_CONVERSION = YES;
				GCC_WARN_ABOUT_RETURN_TYPE = YES_ERROR;
				GCC_WARN_UNDECLARED_SELECTOR = YES;
				GCC_WARN_UNINITIALIZED_AUTOS = YES_AGGRESSIVE;
				GCC_WARN_UNUSED_FUNCTION = YES;
				GCC_WARN_UNUSED_VARIABLE = YES;
				IPHONEOS_DEPLOYMENT_TARGET = 15.0;
				MTL_ENABLE_DEBUG_INFO = NO;
				MTL_FAST_MATH = YES;
				SDKROOT = iphoneos;
				SWIFT_COMPILATION_MODE = wholemodule;
				SWIFT_OPTIMIZATION_LEVEL = "-O";
				VALIDATE_PRODUCT = YES;
			};
			name = Release;
		};
		4AABF7D527D70F5A0066136A /* Debug */ = {
			isa = XCBuildConfiguration;
			baseConfigurationReference = 4AFD81984C23B2E2DEFD0333 /* Pods-LottieFiles.debug.xcconfig */;
			buildSettings = {
				ASSETCATALOG_COMPILER_APPICON_NAME = AppIcon;
				ASSETCATALOG_COMPILER_GLOBAL_ACCENT_COLOR_NAME = AccentColor;
				CODE_SIGN_STYLE = Automatic;
				CURRENT_PROJECT_VERSION = 1;
				DEVELOPMENT_TEAM = 96ZJY6AYCD;
				GENERATE_INFOPLIST_FILE = YES;
				INFOPLIST_FILE = LottieFiles/Info.plist;
				INFOPLIST_KEY_UIApplicationSupportsIndirectInputEvents = YES;
				INFOPLIST_KEY_UILaunchStoryboardName = LaunchScreen;
				INFOPLIST_KEY_UISupportedInterfaceOrientations_iPad = "UIInterfaceOrientationPortrait UIInterfaceOrientationPortraitUpsideDown UIInterfaceOrientationLandscapeLeft UIInterfaceOrientationLandscapeRight";
				INFOPLIST_KEY_UISupportedInterfaceOrientations_iPhone = "UIInterfaceOrientationPortrait UIInterfaceOrientationLandscapeLeft UIInterfaceOrientationLandscapeRight";
				LD_RUNPATH_SEARCH_PATHS = (
					"$(inherited)",
					"@executable_path/Frameworks",
				);
				MARKETING_VERSION = 1.0;
				PRODUCT_BUNDLE_IDENTIFIER = com.faizmokhtar.LottieFiles;
				PRODUCT_NAME = "$(TARGET_NAME)";
				SWIFT_EMIT_LOC_STRINGS = YES;
				SWIFT_VERSION = 5.0;
				TARGETED_DEVICE_FAMILY = "1,2";
			};
			name = Debug;
		};
		4AABF7D627D70F5A0066136A /* Release */ = {
			isa = XCBuildConfiguration;
			baseConfigurationReference = 3900F028799A2FD678C05A3A /* Pods-LottieFiles.release.xcconfig */;
			buildSettings = {
				ASSETCATALOG_COMPILER_APPICON_NAME = AppIcon;
				ASSETCATALOG_COMPILER_GLOBAL_ACCENT_COLOR_NAME = AccentColor;
				CODE_SIGN_STYLE = Automatic;
				CURRENT_PROJECT_VERSION = 1;
				DEVELOPMENT_TEAM = 96ZJY6AYCD;
				GENERATE_INFOPLIST_FILE = YES;
				INFOPLIST_FILE = LottieFiles/Info.plist;
				INFOPLIST_KEY_UIApplicationSupportsIndirectInputEvents = YES;
				INFOPLIST_KEY_UILaunchStoryboardName = LaunchScreen;
				INFOPLIST_KEY_UISupportedInterfaceOrientations_iPad = "UIInterfaceOrientationPortrait UIInterfaceOrientationPortraitUpsideDown UIInterfaceOrientationLandscapeLeft UIInterfaceOrientationLandscapeRight";
				INFOPLIST_KEY_UISupportedInterfaceOrientations_iPhone = "UIInterfaceOrientationPortrait UIInterfaceOrientationLandscapeLeft UIInterfaceOrientationLandscapeRight";
				LD_RUNPATH_SEARCH_PATHS = (
					"$(inherited)",
					"@executable_path/Frameworks",
				);
				MARKETING_VERSION = 1.0;
				PRODUCT_BUNDLE_IDENTIFIER = com.faizmokhtar.LottieFiles;
				PRODUCT_NAME = "$(TARGET_NAME)";
				SWIFT_EMIT_LOC_STRINGS = YES;
				SWIFT_VERSION = 5.0;
				TARGETED_DEVICE_FAMILY = "1,2";
			};
			name = Release;
		};
		4AABF7D827D70F5A0066136A /* Debug */ = {
			isa = XCBuildConfiguration;
			baseConfigurationReference = 69A258D319871E2180A8BDD8 /* Pods-LottieFilesTests.debug.xcconfig */;
			buildSettings = {
				ALWAYS_EMBED_SWIFT_STANDARD_LIBRARIES = YES;
				BUNDLE_LOADER = "$(TEST_HOST)";
				CODE_SIGN_STYLE = Automatic;
				CURRENT_PROJECT_VERSION = 1;
				DEVELOPMENT_TEAM = 96ZJY6AYCD;
				GENERATE_INFOPLIST_FILE = YES;
				IPHONEOS_DEPLOYMENT_TARGET = 15.0;
				LD_RUNPATH_SEARCH_PATHS = (
					"$(inherited)",
					"@executable_path/Frameworks",
					"@loader_path/Frameworks",
				);
				MARKETING_VERSION = 1.0;
				PRODUCT_BUNDLE_IDENTIFIER = com.faizmokhtar.LottieFilesTests;
				PRODUCT_NAME = "$(TARGET_NAME)";
				SWIFT_EMIT_LOC_STRINGS = NO;
				SWIFT_VERSION = 5.0;
				TARGETED_DEVICE_FAMILY = "1,2";
				TEST_HOST = "$(BUILT_PRODUCTS_DIR)/LottieFiles.app/LottieFiles";
			};
			name = Debug;
		};
		4AABF7D927D70F5A0066136A /* Release */ = {
			isa = XCBuildConfiguration;
			baseConfigurationReference = 68D671B5DB4869D2B1493390 /* Pods-LottieFilesTests.release.xcconfig */;
			buildSettings = {
				ALWAYS_EMBED_SWIFT_STANDARD_LIBRARIES = YES;
				BUNDLE_LOADER = "$(TEST_HOST)";
				CODE_SIGN_STYLE = Automatic;
				CURRENT_PROJECT_VERSION = 1;
				DEVELOPMENT_TEAM = 96ZJY6AYCD;
				GENERATE_INFOPLIST_FILE = YES;
				IPHONEOS_DEPLOYMENT_TARGET = 15.0;
				LD_RUNPATH_SEARCH_PATHS = (
					"$(inherited)",
					"@executable_path/Frameworks",
					"@loader_path/Frameworks",
				);
				MARKETING_VERSION = 1.0;
				PRODUCT_BUNDLE_IDENTIFIER = com.faizmokhtar.LottieFilesTests;
				PRODUCT_NAME = "$(TARGET_NAME)";
				SWIFT_EMIT_LOC_STRINGS = NO;
				SWIFT_VERSION = 5.0;
				TARGETED_DEVICE_FAMILY = "1,2";
				TEST_HOST = "$(BUILT_PRODUCTS_DIR)/LottieFiles.app/LottieFiles";
			};
			name = Release;
		};
		4AABF7DB27D70F5A0066136A /* Debug */ = {
			isa = XCBuildConfiguration;
			baseConfigurationReference = DB6F22F0CF91474A3AABFEC1 /* Pods-LottieFiles-LottieFilesUITests.debug.xcconfig */;
			buildSettings = {
				ALWAYS_EMBED_SWIFT_STANDARD_LIBRARIES = YES;
				CODE_SIGN_STYLE = Automatic;
				CURRENT_PROJECT_VERSION = 1;
				DEVELOPMENT_TEAM = 96ZJY6AYCD;
				GENERATE_INFOPLIST_FILE = YES;
				LD_RUNPATH_SEARCH_PATHS = (
					"$(inherited)",
					"@executable_path/Frameworks",
					"@loader_path/Frameworks",
				);
				MARKETING_VERSION = 1.0;
				PRODUCT_BUNDLE_IDENTIFIER = com.faizmokhtar.LottieFilesUITests;
				PRODUCT_NAME = "$(TARGET_NAME)";
				SWIFT_EMIT_LOC_STRINGS = NO;
				SWIFT_VERSION = 5.0;
				TARGETED_DEVICE_FAMILY = "1,2";
				TEST_TARGET_NAME = LottieFiles;
			};
			name = Debug;
		};
		4AABF7DC27D70F5A0066136A /* Release */ = {
			isa = XCBuildConfiguration;
			baseConfigurationReference = 4F81C5E8E70AFA84ABF2C619 /* Pods-LottieFiles-LottieFilesUITests.release.xcconfig */;
			buildSettings = {
				ALWAYS_EMBED_SWIFT_STANDARD_LIBRARIES = YES;
				CODE_SIGN_STYLE = Automatic;
				CURRENT_PROJECT_VERSION = 1;
				DEVELOPMENT_TEAM = 96ZJY6AYCD;
				GENERATE_INFOPLIST_FILE = YES;
				LD_RUNPATH_SEARCH_PATHS = (
					"$(inherited)",
					"@executable_path/Frameworks",
					"@loader_path/Frameworks",
				);
				MARKETING_VERSION = 1.0;
				PRODUCT_BUNDLE_IDENTIFIER = com.faizmokhtar.LottieFilesUITests;
				PRODUCT_NAME = "$(TARGET_NAME)";
				SWIFT_EMIT_LOC_STRINGS = NO;
				SWIFT_VERSION = 5.0;
				TARGETED_DEVICE_FAMILY = "1,2";
				TEST_TARGET_NAME = LottieFiles;
			};
			name = Release;
		};
/* End XCBuildConfiguration section */

/* Begin XCConfigurationList section */
		4AABF7A527D70F550066136A /* Build configuration list for PBXProject "LottieFiles" */ = {
			isa = XCConfigurationList;
			buildConfigurations = (
				4AABF7D227D70F5A0066136A /* Debug */,
				4AABF7D327D70F5A0066136A /* Release */,
			);
			defaultConfigurationIsVisible = 0;
			defaultConfigurationName = Release;
		};
		4AABF7D427D70F5A0066136A /* Build configuration list for PBXNativeTarget "LottieFiles" */ = {
			isa = XCConfigurationList;
			buildConfigurations = (
				4AABF7D527D70F5A0066136A /* Debug */,
				4AABF7D627D70F5A0066136A /* Release */,
			);
			defaultConfigurationIsVisible = 0;
			defaultConfigurationName = Release;
		};
		4AABF7D727D70F5A0066136A /* Build configuration list for PBXNativeTarget "LottieFilesTests" */ = {
			isa = XCConfigurationList;
			buildConfigurations = (
				4AABF7D827D70F5A0066136A /* Debug */,
				4AABF7D927D70F5A0066136A /* Release */,
			);
			defaultConfigurationIsVisible = 0;
			defaultConfigurationName = Release;
		};
		4AABF7DA27D70F5A0066136A /* Build configuration list for PBXNativeTarget "LottieFilesUITests" */ = {
			isa = XCConfigurationList;
			buildConfigurations = (
				4AABF7DB27D70F5A0066136A /* Debug */,
				4AABF7DC27D70F5A0066136A /* Release */,
			);
			defaultConfigurationIsVisible = 0;
			defaultConfigurationName = Release;
		};
/* End XCConfigurationList section */
	};
	rootObject = 4AABF7A227D70F540066136A /* Project object */;
}
