PODS:
  - lottie-ios (3.3.0)
  - LZViewPager (1.2.5):
    - SnapKit (~> 5.0.0)
  - SnapKit (5.0.1)

DEPENDENCIES:
  - lottie-ios (from `https://github.com/airbnb/lottie-ios.git`, branch `master`)
  - LZViewPager (~> 1.2.5)

SPEC REPOS:
  trunk:
    - LZViewPager
    - SnapKit

EXTERNAL SOURCES:
  lottie-ios:
    :branch: master
    :git: https://github.com/airbnb/lottie-ios.git

CHECKOUT OPTIONS:
  lottie-ios:
    :commit: 137770e503f44e6c8ecd72345bfaa25b72f429c6
    :git: https://github.com/airbnb/lottie-ios.git

SPEC CHECKSUMS:
  lottie-ios: cef2a8e36594bc0d51200cad70ac7701aa58b040
  LZViewPager: 89ddd98246d54b52bde14c8d91702f946d6f8893
  SnapKit: 97b92857e3df3a0c71833cce143274bf6ef8e5eb

PODFILE CHECKSUM: 3397986143b6d21470e68c1ca02a00b40b81dab7

COCOAPODS: 1.10.2
